{
  "version": 4,
  "terraform_version": "1.9.2",
  "serial": 120,
  "lineage": "53340e89-e21e-bf98-61b1-f77215b7817c",
  "outputs": {},
  "resources": [
    {
      "mode": "data",
      "type": "ibm_is_image",
      "name": "image-ubuntu",
      "provider": "provider[\"registry.terraform.io/ibm-cloud/ibm\"]",
      "instances": [
        {
          "schema_version": 0,
          "attributes": {
            "access_tags": [],
            "architecture": "amd64",
            "catalog_offering": [
              {
                "managed": false,
                "version": []
              }
            ],
            "checksum": "dee04035cfe3aec1ce020abe1437e66422168390d872b11da6ed7eb430cfb4da",
            "created_at": "2024-07-03T15:49:29.000Z",
            "crn": "crn:v1:bluemix:public:is:jp-tok:a/811f8abfbd32425597dc7ba40da98fa6::image:r022-268e52bb-8aec-40fe-b3a2-7f905d897c0b",
            "deprecation_at": null,
            "encryption": "none",
            "encryption_key": null,
            "id": "r022-268e52bb-8aec-40fe-b3a2-7f905d897c0b",
            "identifier": null,
            "name": "ibm-ubuntu-24-04-minimal-amd64-3",
            "obsolescence_at": null,
            "operating_system": [
              {
                "allow_user_image_creation": true,
                "architecture": "amd64",
                "dedicated_host_only": false,
                "display_name": "Ubuntu Linux 24.04 LTS Noble Numbat Minimal Install (amd64)",
                "family": "Ubuntu Linux",
                "href": "https://jp-tok.iaas.cloud.ibm.com/v1/operating_systems/ubuntu-24-04-amd64",
                "name": "ubuntu-24-04-amd64",
                "user_data_format": "cloud_init",
                "vendor": "Canonical",
                "version": "24.04 LTS Noble Numbat Minimal Install"
              }
            ],
            "os": "ubuntu-24-04-amd64",
            "resource_group": [
              {
                "href": "https://resource-controller.cloud.ibm.com/v1/resource_groups/5807b5832a8741179b2e06ca2d2b3b96",
                "id": "5807b5832a8741179b2e06ca2d2b3b96",
                "name": "Default"
              }
            ],
            "source_volume": null,
            "status": "available",
            "status_reasons": null,
            "user_data_format": "cloud_init",
            "visibility": "public"
          },
          "sensitive_attributes": []
        }
      ]
    },
    {
      "mode": "data",
      "type": "ibm_is_ssh_key",
      "name": "ssh-key-mac",
      "provider": "provider[\"registry.terraform.io/ibm-cloud/ibm\"]",
      "instances": [
        {
          "schema_version": 0,
          "attributes": {
            "access_tags": [],
            "crn": "crn:v1:bluemix:public:is:jp-tok:a/5e46a08ef63f4b48867c2c26c8918821::key:r022-cc0498df-b44d-4b12-bee8-6b0a59439c92",
            "fingerprint": "SHA256:UmiIRxd6FBWlsDkMUZCloOdpHHTNhLB5jr1N/wlkbcg",
            "id": "r022-cc0498df-b44d-4b12-bee8-6b0a59439c92",
            "length": 4096,
            "name": "ssh-key-mac",
            "public_key": "ssh-rsa AAAAB3NzaC1yc2EAAAADAQABAAACAQCWnILu42pSBK/8+Qy594JOvIOLyWRHKai4lUhPpVdyIpXBT9uc6ZExP06mVT4Hsz1pLJn2dIsiopPJWInM0buW3pvqX3xOcFHOVnFV0FKBlaM5ybH1ioh6qHhlWmTzI6SicNlQUVwi+wj3we/GfRXkS0Isf7Ul3kiGDeKnC1ijdqusv7Z+L+f35xdOsqWjLnSav8qXRjzScC8mKni1BkcE7dpR+vXogK5Z710nHkiPo5yFbvjeHMOhy/FUAxTmVoVU9xtlY3bPrdIMDu+vzAl7j8p5GeRS4oes/0EMArfbDeHRpB6Zs/JW1Hlm6qJnV3J5LYh/coC4gTR3Ri8QE7DPI/pHKLdDl5TKENh1jZaqkIwxhx1PfJOUucfzd907GzuesPl01fKDeV/71wBX30CJXc29yUlVZPcmtfSYRgKTyikpW213vwoY6f0Dvqr/SjHTISzRteq2TsIygKkvPAjEitUK2gjicd1H+rNk7zXvDKIXcI+OOrtnRZYOsZnHcqZEpB1/m7NE9rKoEesVk7gd85Lyg/UPnO9O34NF4S+qOMsq1yK0CzHi4j9iTBFg03OhYGU/zi13WizVNc5pt9NL3j/HnUuTTiJwZLO57A5w/A14VhWuKEYJm/fHeQ5tmAHjaH1WUVjMaUG8ijoYnPaVpBXZMN/zod0Ic2W0pOXHGw==",
            "resource_controller_url": "https://cloud.ibm.com/vpc/compute/sshKeys",
            "resource_crn": "crn:v1:bluemix:public:is:jp-tok:a/5e46a08ef63f4b48867c2c26c8918821::key:r022-cc0498df-b44d-4b12-bee8-6b0a59439c92",
            "resource_group": null,
            "resource_group_name": "47c4cc4195ce4bdc976b4ee91ee2f26d",
            "resource_name": "ssh-key-mac",
            "tags": [],
            "type": "rsa"
          },
          "sensitive_attributes": []
        }
      ]
    },
    {
      "mode": "data",
      "type": "ibm_resource_group",
      "name": "group-mac",
      "provider": "provider[\"registry.terraform.io/ibm-cloud/ibm\"]",
      "instances": [
        {
          "schema_version": 0,
          "attributes": {
            "account_id": "5e46a08ef63f4b48867c2c26c8918821",
            "created_at": "2024-08-02T14:35:47.404Z",
            "crn": "crn:v1:bluemix:public:resource-controller::a/5e46a08ef63f4b48867c2c26c8918821::resource-group:47c4cc4195ce4bdc976b4ee91ee2f26d",
            "id": "47c4cc4195ce4bdc976b4ee91ee2f26d",
            "is_default": false,
            "name": "group-mac",
            "payment_methods_url": null,
            "quota_id": "a3d7b8d01e261c24677937c29ab33f3c",
            "quota_url": "/v2/quota_definitions/a3d7b8d01e261c24677937c29ab33f3c",
            "resource_linkages": [],
            "state": "ACTIVE",
            "teams_url": null,
            "updated_at": "2024-08-02T15:38:16.681Z"
          },
          "sensitive_attributes": []
        }
      ]
    },
    {
      "mode": "managed",
      "type": "ibm_is_floating_ip",
      "name": "fip-vsi-mac",
      "provider": "provider[\"registry.terraform.io/ibm-cloud/ibm\"]",
      "instances": [
        {
          "schema_version": 0,
          "attributes": {
            "access_tags": [],
            "address": "162.133.140.188",
            "crn": "crn:v1:bluemix:public:is:jp-tok-1:a/5e46a08ef63f4b48867c2c26c8918821::floating-ip:r022-4e4d540f-d05e-4929-9580-5ff7e327e5ef",
            "id": "r022-4e4d540f-d05e-4929-9580-5ff7e327e5ef",
            "name": "fip-vsi-mac",
            "resource_controller_url": "https://cloud.ibm.com/vpc-ext/network/floatingIPs",
            "resource_crn": "crn:v1:bluemix:public:is:jp-tok-1:a/5e46a08ef63f4b48867c2c26c8918821::floating-ip:r022-4e4d540f-d05e-4929-9580-5ff7e327e5ef",
            "resource_group": "f8fcd9ebadfb4a8680e56fb769324c84",
            "resource_group_name": "Default",
            "resource_name": "fip-vsi-mac",
            "resource_status": "available",
            "status": "available",
            "tags": [],
            "target": "02e7-3971a7b5-29fe-4c38-b4cd-2c0d108c31d8",
            "target_list": [
              {
                "crn": "",
                "deleted": [],
                "href": "https://jp-tok.iaas.cloud.ibm.com/v1/instances/02e7_49f5d6dd-bffc-4226-9b04-c8cc6bddb475/network_interfaces/02e7-3971a7b5-29fe-4c38-b4cd-2c0d108c31d8",
                "id": "02e7-3971a7b5-29fe-4c38-b4cd-2c0d108c31d8",
                "name": "eth0",
                "primary_ip": [
                  {
                    "address": "10.244.0.4",
                    "href": "https://jp-tok.iaas.cloud.ibm.com/v1/subnets/02e7-e59189e5-a47b-4e61-aa1f-4154c9c2c1d6/reserved_ips/02e7-c4d42cf9-20bc-4cc2-b431-2dabcfb12a4e",
                    "name": "subside-proton-bronchial-eternity",
                    "reserved_ip": "02e7-c4d42cf9-20bc-4cc2-b431-2dabcfb12a4e",
                    "resource_type": "subnet_reserved_ip"
                  }
                ],
                "resource_type": "network_interface"
              }
            ],
            "timeouts": null,
            "zone": "jp-tok-1"
          },
          "sensitive_attributes": [],
          "private": "eyJlMmJmYjczMC1lY2FhLTExZTYtOGY4OC0zNDM2M2JjN2M0YzAiOnsiY3JlYXRlIjo2MDAwMDAwMDAwMDAsImRlbGV0ZSI6NjAwMDAwMDAwMDAwfX0=",
          "dependencies": [
            "data.ibm_is_image.image-ubuntu",
            "data.ibm_is_ssh_key.ssh-key-mac",
            "data.ibm_resource_group.group-mac",
            "ibm_is_instance.vsi-mac",
            "ibm_is_security_group.sg-vsi-mac",
            "ibm_is_subnet.subnet-mac-1",
            "ibm_is_vpc.vpc-mac"
          ]
        }
      ]
    },
    {
      "mode": "managed",
      "type": "ibm_is_instance",
      "name": "vsi-mac",
      "provider": "provider[\"registry.terraform.io/ibm-cloud/ibm\"]",
      "instances": [
        {
          "schema_version": 0,
          "attributes": {
            "access_tags": [],
            "action": null,
            "auto_delete_volume": null,
            "availability_policy_host_failure": "restart",
            "bandwidth": 4000,
            "boot_volume": [
              {
                "auto_delete_volume": true,
                "encryption": "",
                "iops": 3000,
                "name": "afraid-traffic-arbitrary-curled",
                "profile": "general-purpose",
                "size": 100,
                "snapshot": "",
                "snapshot_crn": "",
                "tags": [],
                "volume_id": "r022-6b76fcd7-5815-4357-81c0-47e68b4b943e"
              }
            ],
            "catalog_offering": [],
            "confidential_compute_mode": "disabled",
            "crn": "crn:v1:bluemix:public:is:jp-tok-1:a/5e46a08ef63f4b48867c2c26c8918821::instance:02e7_49f5d6dd-bffc-4226-9b04-c8cc6bddb475",
            "dedicated_host": null,
            "dedicated_host_group": null,
            "default_trusted_profile_auto_link": null,
            "default_trusted_profile_target": null,
            "disks": [],
            "enable_secure_boot": false,
            "force_action": false,
            "force_recovery_time": null,
            "gpu": [],
            "id": "02e7_49f5d6dd-bffc-4226-9b04-c8cc6bddb475",
            "image": "r022-268e52bb-8aec-40fe-b3a2-7f905d897c0b",
            "instance_template": null,
            "keys": [
              "r022-cc0498df-b44d-4b12-bee8-6b0a59439c92"
            ],
            "lifecycle_reasons": [],
            "lifecycle_state": "stable",
            "memory": 8,
            "metadata_service": [
              {
                "enabled": false,
                "protocol": "http",
                "response_hop_limit": 1
              }
            ],
            "metadata_service_enabled": false,
            "name": "vsi-mac",
            "network_attachments": [],
            "network_interfaces": [],
            "numa_count": 1,
            "placement_group": null,
            "placement_target": [],
            "primary_network_attachment": [],
            "primary_network_interface": [
              {
                "allow_ip_spoofing": false,
                "id": "02e7-3971a7b5-29fe-4c38-b4cd-2c0d108c31d8",
                "name": "eth0",
                "port_speed": 3000,
                "primary_ip": [
                  {
                    "address": "10.244.0.4",
                    "auto_delete": true,
                    "href": "https://jp-tok.iaas.cloud.ibm.com/v1/subnets/02e7-e59189e5-a47b-4e61-aa1f-4154c9c2c1d6/reserved_ips/02e7-c4d42cf9-20bc-4cc2-b431-2dabcfb12a4e",
                    "name": "subside-proton-bronchial-eternity",
                    "reserved_ip": "02e7-c4d42cf9-20bc-4cc2-b431-2dabcfb12a4e",
                    "resource_type": "subnet_reserved_ip"
                  }
                ],
                "primary_ipv4_address": "10.244.0.4",
                "security_groups": [
                  "r022-4fbdffbf-b575-4196-9fa9-b24303eb02f0"
                ],
                "subnet": "02e7-e59189e5-a47b-4e61-aa1f-4154c9c2c1d6"
              }
            ],
            "profile": "bx2-2x8",
            "reservation": [],
            "reservation_affinity": [
              {
                "policy": "disabled",
                "pool": []
              }
            ],
            "resource_controller_url": "https://cloud.ibm.com/vpc-ext/compute/vs",
            "resource_crn": "crn:v1:bluemix:public:is:jp-tok-1:a/5e46a08ef63f4b48867c2c26c8918821::instance:02e7_49f5d6dd-bffc-4226-9b04-c8cc6bddb475",
            "resource_group": "47c4cc4195ce4bdc976b4ee91ee2f26d",
            "resource_group_name": "group-mac",
            "resource_name": "vsi-mac",
            "resource_status": "running",
            "status": "running",
            "status_reasons": [],
            "tags": [],
            "timeouts": null,
            "total_network_bandwidth": 3000,
            "total_volume_bandwidth": 1000,
            "user_data": null,
            "vcpu": [
              {
                "architecture": "amd64",
                "count": 2,
                "manufacturer": "intel"
              }
            ],
            "volume_attachments": [
              {
                "id": "02e7-abf1d906-2d46-4a4b-b091-bfc769fe439a",
                "name": "stooge-paddleboard-prong-ladybug",
                "volume_crn": "crn:v1:bluemix:public:is:jp-tok-1:a/5e46a08ef63f4b48867c2c26c8918821::volume:r022-6b76fcd7-5815-4357-81c0-47e68b4b943e",
                "volume_id": "r022-6b76fcd7-5815-4357-81c0-47e68b4b943e",
                "volume_name": "afraid-traffic-arbitrary-curled"
              }
            ],
            "volumes": null,
            "vpc": "r022-6b80f909-a001-4d02-8e89-b4797db2c0ab",
            "wait_before_delete": true,
            "zone": "jp-tok-1"
          },
          "sensitive_attributes": [],
          "private": "eyJlMmJmYjczMC1lY2FhLTExZTYtOGY4OC0zNDM2M2JjN2M0YzAiOnsiY3JlYXRlIjoxODAwMDAwMDAwMDAwLCJkZWxldGUiOjE4MDAwMDAwMDAwMDAsInVwZGF0ZSI6MTgwMDAwMDAwMDAwMH19",
          "dependencies": [
            "data.ibm_is_image.image-ubuntu",
            "data.ibm_is_ssh_key.ssh-key-mac",
            "data.ibm_resource_group.group-mac",
            "ibm_is_security_group.sg-vsi-mac",
            "ibm_is_subnet.subnet-mac-1",
            "ibm_is_vpc.vpc-mac"
          ]
        }
      ]
    },
    {
      "mode": "managed",
      "type": "ibm_is_security_group",
      "name": "sg-vsi-mac",
      "provider": "provider[\"registry.terraform.io/ibm-cloud/ibm\"]",
      "instances": [
        {
          "schema_version": 0,
          "attributes": {
            "access_tags": [],
            "crn": "crn:v1:bluemix:public:is:jp-tok:a/5e46a08ef63f4b48867c2c26c8918821::security-group:r022-4fbdffbf-b575-4196-9fa9-b24303eb02f0",
            "id": "r022-4fbdffbf-b575-4196-9fa9-b24303eb02f0",
            "name": "sg-vsi-mac",
            "resource_controller_url": "https://cloud.ibm.com/vpc-ext/network/securityGroups",
            "resource_crn": "crn:v1:bluemix:public:is:jp-tok:a/5e46a08ef63f4b48867c2c26c8918821::security-group:r022-4fbdffbf-b575-4196-9fa9-b24303eb02f0",
            "resource_group": "47c4cc4195ce4bdc976b4ee91ee2f26d",
            "resource_group_name": "group-mac",
            "resource_name": "sg-vsi-mac",
            "rules": [],
            "tags": [],
            "timeouts": null,
            "vpc": "r022-6b80f909-a001-4d02-8e89-b4797db2c0ab"
          },
          "sensitive_attributes": [],
          "private": "eyJlMmJmYjczMC1lY2FhLTExZTYtOGY4OC0zNDM2M2JjN2M0YzAiOnsiY3JlYXRlIjo2MDAwMDAwMDAwMDAsImRlbGV0ZSI6NjAwMDAwMDAwMDAwfX0=",
          "dependencies": [
            "data.ibm_resource_group.group-mac",
            "ibm_is_vpc.vpc-mac"
          ]
        }
      ]
    },
    {
      "mode": "managed",
      "type": "ibm_is_security_group_rule",
      "name": "sg-rule-allow_inbound",
      "provider": "provider[\"registry.terraform.io/ibm-cloud/ibm\"]",
      "instances": [
        {
          "schema_version": 0,
          "attributes": {
            "direction": "inbound",
            "group": "r022-4fbdffbf-b575-4196-9fa9-b24303eb02f0",
            "icmp": [],
            "id": "r022-4fbdffbf-b575-4196-9fa9-b24303eb02f0.r022-af100450-8e61-4f8f-b18c-a2f854218b6e",
            "ip_version": "ipv4",
            "local": "0.0.0.0/0",
            "protocol": "all",
            "related_crn": "crn:v1:bluemix:public:is:jp-tok:a/5e46a08ef63f4b48867c2c26c8918821::security-group:r022-4fbdffbf-b575-4196-9fa9-b24303eb02f0",
            "remote": "0.0.0.0/0",
            "rule_id": "r022-af100450-8e61-4f8f-b18c-a2f854218b6e",
            "tcp": [],
            "udp": []
          },
          "sensitive_attributes": [],
          "private": "bnVsbA==",
          "dependencies": [
            "data.ibm_resource_group.group-mac",
            "ibm_is_security_group.sg-vsi-mac",
            "ibm_is_vpc.vpc-mac"
          ]
        }
      ]
    },
    {
      "mode": "managed",
      "type": "ibm_is_security_group_rule",
      "name": "sg-rule-allow_outbound",
      "provider": "provider[\"registry.terraform.io/ibm-cloud/ibm\"]",
      "instances": [
        {
          "schema_version": 0,
          "attributes": {
            "direction": "outbound",
            "group": "r022-4fbdffbf-b575-4196-9fa9-b24303eb02f0",
            "icmp": [],
            "id": "r022-4fbdffbf-b575-4196-9fa9-b24303eb02f0.r022-31b33f20-ef55-4101-b27f-df43dfa5f774",
            "ip_version": "ipv4",
            "local": "0.0.0.0/0",
            "protocol": "all",
            "related_crn": "crn:v1:bluemix:public:is:jp-tok:a/5e46a08ef63f4b48867c2c26c8918821::security-group:r022-4fbdffbf-b575-4196-9fa9-b24303eb02f0",
            "remote": "0.0.0.0/0",
            "rule_id": "r022-31b33f20-ef55-4101-b27f-df43dfa5f774",
            "tcp": [],
            "udp": []
          },
          "sensitive_attributes": [],
          "private": "bnVsbA==",
          "dependencies": [
            "data.ibm_resource_group.group-mac",
            "ibm_is_security_group.sg-vsi-mac",
            "ibm_is_vpc.vpc-mac"
          ]
        }
      ]
    },
    {
      "mode": "managed",
      "type": "ibm_is_subnet",
      "name": "subnet-mac-1",
      "provider": "provider[\"registry.terraform.io/ibm-cloud/ibm\"]",
      "instances": [
        {
          "schema_version": 0,
          "attributes": {
            "access_tags": [],
            "available_ipv4_address_count": 251,
            "crn": "crn:v1:bluemix:public:is:jp-tok-1:a/5e46a08ef63f4b48867c2c26c8918821::subnet:02e7-e59189e5-a47b-4e61-aa1f-4154c9c2c1d6",
            "id": "02e7-e59189e5-a47b-4e61-aa1f-4154c9c2c1d6",
            "ip_version": "ipv4",
            "ipv4_cidr_block": "10.244.0.0/24",
            "name": "subnet-mac-1",
            "network_acl": "r022-02e2d69f-50be-46a5-90a5-4ed181bd3931",
            "public_gateway": "",
            "resource_controller_url": "https://cloud.ibm.com/vpc-ext/network/subnets",
            "resource_crn": "crn:v1:bluemix:public:is:jp-tok-1:a/5e46a08ef63f4b48867c2c26c8918821::subnet:02e7-e59189e5-a47b-4e61-aa1f-4154c9c2c1d6",
            "resource_group": "47c4cc4195ce4bdc976b4ee91ee2f26d",
            "resource_group_name": "group-mac",
            "resource_name": "subnet-mac-1",
            "resource_status": "available",
            "routing_table": "r022-4aa73d1f-fb1a-44f6-bbad-aa0701521119",
            "status": "available",
            "tags": [],
            "timeouts": null,
            "total_ipv4_address_count": 256,
            "vpc": "r022-6b80f909-a001-4d02-8e89-b4797db2c0ab",
            "zone": "jp-tok-1"
          },
          "sensitive_attributes": [],
          "private": "eyJlMmJmYjczMC1lY2FhLTExZTYtOGY4OC0zNDM2M2JjN2M0YzAiOnsiY3JlYXRlIjo2MDAwMDAwMDAwMDAsImRlbGV0ZSI6NjAwMDAwMDAwMDAwLCJ1cGRhdGUiOjYwMDAwMDAwMDAwMH19",
          "dependencies": [
            "data.ibm_resource_group.group-mac",
            "ibm_is_vpc.vpc-mac"
          ]
        }
      ]
    },
    {
      "mode": "managed",
      "type": "ibm_is_vpc",
      "name": "vpc-mac",
      "provider": "provider[\"registry.terraform.io/ibm-cloud/ibm\"]",
      "instances": [
        {
          "schema_version": 0,
          "attributes": {
            "access_tags": [],
            "address_prefix_management": "auto",
            "classic_access": false,
            "crn": "crn:v1:bluemix:public:is:jp-tok:a/5e46a08ef63f4b48867c2c26c8918821::vpc:r022-6b80f909-a001-4d02-8e89-b4797db2c0ab",
            "cse_source_addresses": [
              {
                "address": "10.223.191.104",
                "zone_name": "jp-tok-1"
              },
              {
                "address": "10.223.210.183",
                "zone_name": "jp-tok-2"
              },
              {
                "address": "10.223.216.175",
                "zone_name": "jp-tok-3"
              }
            ],
            "default_network_acl": "r022-02e2d69f-50be-46a5-90a5-4ed181bd3931",
            "default_network_acl_crn": "crn:v1:bluemix:public:is:jp-tok:a/5e46a08ef63f4b48867c2c26c8918821::network-acl:r022-02e2d69f-50be-46a5-90a5-4ed181bd3931",
            "default_network_acl_name": "nacl-mac",
            "default_routing_table": "r022-4aa73d1f-fb1a-44f6-bbad-aa0701521119",
            "default_routing_table_name": "routing-table-mac",
            "default_security_group": "r022-b2ff434b-fac2-47ac-8bda-4e1e43a66fe0",
            "default_security_group_crn": "crn:v1:bluemix:public:is:jp-tok:a/5e46a08ef63f4b48867c2c26c8918821::security-group:r022-b2ff434b-fac2-47ac-8bda-4e1e43a66fe0",
            "default_security_group_name": "sg-mac",
            "dns": [
              {
                "enable_hub": false,
                "resolution_binding_count": 0,
                "resolver": [
                  {
                    "configuration": "default",
                    "dns_binding_id": "",
                    "dns_binding_name": "",
                    "manual_servers": [],
                    "servers": [
                      {
                        "address": "161.26.0.10",
                        "zone_affinity": ""
                      },
                      {
                        "address": "161.26.0.11",
                        "zone_affinity": ""
                      }
                    ],
                    "type": "system",
                    "vpc_crn": "",
                    "vpc_id": "",
                    "vpc_name": "",
                    "vpc_remote_account_id": "",
                    "vpc_remote_region": ""
                  }
                ]
              }
            ],
            "health_reasons": [],
            "health_state": "ok",
            "id": "r022-6b80f909-a001-4d02-8e89-b4797db2c0ab",
            "name": "vpc-mac",
            "no_sg_acl_rules": false,
            "resource_controller_url": "https://cloud.ibm.com/vpc-ext/network/vpcs",
            "resource_crn": "crn:v1:bluemix:public:is:jp-tok:a/5e46a08ef63f4b48867c2c26c8918821::vpc:r022-6b80f909-a001-4d02-8e89-b4797db2c0ab",
            "resource_group": "47c4cc4195ce4bdc976b4ee91ee2f26d",
            "resource_group_name": "group-mac",
            "resource_name": "vpc-mac",
            "resource_status": "available",
            "security_group": [
              {
                "group_id": "r022-b2ff434b-fac2-47ac-8bda-4e1e43a66fe0",
                "group_name": "sg-mac",
                "rules": [
                  {
                    "code": 0,
                    "direction": "outbound",
                    "ip_version": "ipv4",
                    "port_max": 0,
                    "port_min": 0,
                    "protocol": "all",
                    "remote": "0.0.0.0/0",
                    "rule_id": "r022-45f80aca-9300-42fe-ac37-ec7ec80aa6c4",
                    "type": 0
                  },
                  {
                    "code": 0,
                    "direction": "inbound",
                    "ip_version": "ipv4",
                    "port_max": 0,
                    "port_min": 0,
                    "protocol": "all",
                    "remote": "r022-b2ff434b-fac2-47ac-8bda-4e1e43a66fe0",
                    "rule_id": "r022-ad6610df-daf3-492b-b8d0-b497e8e5e99d",
                    "type": 0
                  }
                ]
              }
            ],
            "status": "available",
            "subnets": [],
            "tags": [],
            "timeouts": null
          },
          "sensitive_attributes": [],
          "private": "eyJlMmJmYjczMC1lY2FhLTExZTYtOGY4OC0zNDM2M2JjN2M0YzAiOnsiY3JlYXRlIjo2MDAwMDAwMDAwMDAsImRlbGV0ZSI6NjAwMDAwMDAwMDAwfX0=",
          "dependencies": [
            "data.ibm_resource_group.group-mac"
          ]
        }
      ]
    }
  ],
  "check_results": null
}
