{
  "version": 4,
  "terraform_version": "1.9.2",
  "serial": 210,
  "lineage": "53340e89-e21e-bf98-61b1-f77215b7817c",
  "outputs": {},
  "resources": [
    {
      "mode": "data",
      "type": "ibm_is_image",
      "name": "image-ubuntu",
      "provider": "provider[\"registry.terraform.io/ibm-cloud/ibm\"]",
      "instances": [
        {
          "schema_version": 0,
          "attributes": {
            "access_tags": [],
            "architecture": "amd64",
            "catalog_offering": [
              {
                "managed": false,
                "version": []
              }
            ],
            "checksum": "dee04035cfe3aec1ce020abe1437e66422168390d872b11da6ed7eb430cfb4da",
            "created_at": "2024-07-03T15:49:29.000Z",
            "crn": "crn:v1:bluemix:public:is:jp-tok:a/811f8abfbd32425597dc7ba40da98fa6::image:r022-268e52bb-8aec-40fe-b3a2-7f905d897c0b",
            "deprecation_at": null,
            "encryption": "none",
            "encryption_key": null,
            "id": "r022-268e52bb-8aec-40fe-b3a2-7f905d897c0b",
            "identifier": null,
            "name": "ibm-ubuntu-24-04-minimal-amd64-3",
            "obsolescence_at": null,
            "operating_system": [
              {
                "allow_user_image_creation": true,
                "architecture": "amd64",
                "dedicated_host_only": false,
                "display_name": "Ubuntu Linux 24.04 LTS Noble Numbat Minimal Install (amd64)",
                "family": "Ubuntu Linux",
                "href": "https://jp-tok.iaas.cloud.ibm.com/v1/operating_systems/ubuntu-24-04-amd64",
                "name": "ubuntu-24-04-amd64",
                "user_data_format": "cloud_init",
                "vendor": "Canonical",
                "version": "24.04 LTS Noble Numbat Minimal Install"
              }
            ],
            "os": "ubuntu-24-04-amd64",
            "resource_group": [
              {
                "href": "https://resource-controller.cloud.ibm.com/v1/resource_groups/5807b5832a8741179b2e06ca2d2b3b96",
                "id": "5807b5832a8741179b2e06ca2d2b3b96",
                "name": "Default"
              }
            ],
            "source_volume": null,
            "status": "available",
            "status_reasons": null,
            "user_data_format": "cloud_init",
            "visibility": "public"
          },
          "sensitive_attributes": []
        }
      ]
    },
    {
      "mode": "data",
      "type": "ibm_is_ssh_key",
      "name": "ssh-key-mac",
      "provider": "provider[\"registry.terraform.io/ibm-cloud/ibm\"]",
      "instances": [
        {
          "schema_version": 0,
          "attributes": {
            "access_tags": [],
            "crn": "crn:v1:bluemix:public:is:jp-tok:a/5e46a08ef63f4b48867c2c26c8918821::key:r022-cc0498df-b44d-4b12-bee8-6b0a59439c92",
            "fingerprint": "SHA256:UmiIRxd6FBWlsDkMUZCloOdpHHTNhLB5jr1N/wlkbcg",
            "id": "r022-cc0498df-b44d-4b12-bee8-6b0a59439c92",
            "length": 4096,
            "name": "ssh-key-mac",
            "public_key": "ssh-rsa AAAAB3NzaC1yc2EAAAADAQABAAACAQCWnILu42pSBK/8+Qy594JOvIOLyWRHKai4lUhPpVdyIpXBT9uc6ZExP06mVT4Hsz1pLJn2dIsiopPJWInM0buW3pvqX3xOcFHOVnFV0FKBlaM5ybH1ioh6qHhlWmTzI6SicNlQUVwi+wj3we/GfRXkS0Isf7Ul3kiGDeKnC1ijdqusv7Z+L+f35xdOsqWjLnSav8qXRjzScC8mKni1BkcE7dpR+vXogK5Z710nHkiPo5yFbvjeHMOhy/FUAxTmVoVU9xtlY3bPrdIMDu+vzAl7j8p5GeRS4oes/0EMArfbDeHRpB6Zs/JW1Hlm6qJnV3J5LYh/coC4gTR3Ri8QE7DPI/pHKLdDl5TKENh1jZaqkIwxhx1PfJOUucfzd907GzuesPl01fKDeV/71wBX30CJXc29yUlVZPcmtfSYRgKTyikpW213vwoY6f0Dvqr/SjHTISzRteq2TsIygKkvPAjEitUK2gjicd1H+rNk7zXvDKIXcI+OOrtnRZYOsZnHcqZEpB1/m7NE9rKoEesVk7gd85Lyg/UPnO9O34NF4S+qOMsq1yK0CzHi4j9iTBFg03OhYGU/zi13WizVNc5pt9NL3j/HnUuTTiJwZLO57A5w/A14VhWuKEYJm/fHeQ5tmAHjaH1WUVjMaUG8ijoYnPaVpBXZMN/zod0Ic2W0pOXHGw==",
            "resource_controller_url": "https://cloud.ibm.com/vpc/compute/sshKeys",
            "resource_crn": "crn:v1:bluemix:public:is:jp-tok:a/5e46a08ef63f4b48867c2c26c8918821::key:r022-cc0498df-b44d-4b12-bee8-6b0a59439c92",
            "resource_group": null,
            "resource_group_name": "47c4cc4195ce4bdc976b4ee91ee2f26d",
            "resource_name": "ssh-key-mac",
            "tags": [],
            "type": "rsa"
          },
          "sensitive_attributes": []
        }
      ]
    },
    {
      "mode": "data",
      "type": "ibm_resource_group",
      "name": "group-mac",
      "provider": "provider[\"registry.terraform.io/ibm-cloud/ibm\"]",
      "instances": [
        {
          "schema_version": 0,
          "attributes": {
            "account_id": "5e46a08ef63f4b48867c2c26c8918821",
            "created_at": "2024-08-02T14:35:47.404Z",
            "crn": "crn:v1:bluemix:public:resource-controller::a/5e46a08ef63f4b48867c2c26c8918821::resource-group:47c4cc4195ce4bdc976b4ee91ee2f26d",
            "id": "47c4cc4195ce4bdc976b4ee91ee2f26d",
            "is_default": false,
            "name": "group-mac",
            "payment_methods_url": null,
            "quota_id": "a3d7b8d01e261c24677937c29ab33f3c",
            "quota_url": "/v2/quota_definitions/a3d7b8d01e261c24677937c29ab33f3c",
            "resource_linkages": [],
            "state": "ACTIVE",
            "teams_url": null,
            "updated_at": "2024-08-02T15:38:16.681Z"
          },
          "sensitive_attributes": []
        }
      ]
    },
    {
      "mode": "managed",
      "type": "ibm_database",
      "name": "db-mac",
      "provider": "provider[\"registry.terraform.io/ibm-cloud/ibm\"]",
      "instances": [
        {
          "schema_version": 0,
          "attributes": {
            "adminpassword": "password12345678",
            "adminuser": "admin",
            "allowlist": [],
            "auto_scaling": [
              {
                "cpu": [
                  {
                    "rate_increase_percent": 10,
                    "rate_limit_count_per_member": 30,
                    "rate_period_seconds": 900,
                    "rate_units": "count"
                  }
                ],
                "disk": [
                  {
                    "capacity_enabled": false,
                    "free_space_less_than_percent": 10,
                    "io_above_percent": 90,
                    "io_enabled": false,
                    "io_over_period": "15m",
                    "rate_increase_percent": 10,
                    "rate_limit_mb_per_member": 3670016,
                    "rate_period_seconds": 900,
                    "rate_units": "mb"
                  }
                ],
                "memory": [
                  {
                    "io_above_percent": 90,
                    "io_enabled": false,
                    "io_over_period": "15m",
                    "rate_increase_percent": 10,
                    "rate_limit_mb_per_member": 114688,
                    "rate_period_seconds": 900,
                    "rate_units": "mb"
                  }
                ]
              }
            ],
            "backup_encryption_key_crn": null,
            "backup_id": null,
            "configuration": null,
            "configuration_schema": "{\"schema\":{\"appendonly\":{\"choices\":[\"yes\",\"no\"],\"default\":\"yes\",\"default_description\":\"This property has no documentation for its default value.\",\"description\":\"If set to yes this will enable AOF persistence.\",\"kind\":\"choice\",\"requires_restart\":false},\"maxmemory\":{\"default\":null,\"default_description\":\"This property has no documentation for its default value.\",\"description\":\"The maximum memory Redis should use, as bytes.\",\"kind\":\"integer\",\"max\":null,\"min\":0,\"requires_restart\":false,\"step\":null},\"maxmemory-policy\":{\"choices\":[\"volatile-lfu\",\"allkeys-lfu\",\"volatile-lru\",\"allkeys-lru\",\"volatile-random\",\"allkeys-random\",\"volatile-ttl\",\"noeviction\"],\"default\":\"noeviction\",\"default_description\":\"This property has no documentation for its default value.\",\"description\":\"The policy with which Redis evicts keys when maximum memory is reached.\",\"kind\":\"choice\",\"requires_restart\":false},\"maxmemory-samples\":{\"default\":5,\"default_description\":\"This property has no documentation for its default value.\",\"description\":\"The number of keys that will be checked when attempting to satisfy `maxmemory_policy` eviction strategies\",\"kind\":\"integer\",\"max\":null,\"min\":null,\"requires_restart\":false,\"step\":null},\"stop-writes-on-bgsave-error\":{\"choices\":[\"yes\",\"no\"],\"default\":\"yes\",\"default_description\":\"This property has no documentation for its default value.\",\"description\":\"Whether or not to stop accepting writes when background persistence actions fail. If this is set to 'yes', persistence failures will be loud.\",\"kind\":\"choice\",\"requires_restart\":false}}}",
            "connectionstrings": [
              {
                "bundlebase64": "",
                "bundlename": "",
                "certbase64": "LS0tLS1CRUdJTiBDRVJUSUZJQ0FURS0tLS0tCk1JSURIVENDQWdXZ0F3SUJBZ0lVRklPMUVHZWVjQUpqRGhEZG1TZE9mQ1dQYm9Zd0RRWUpLb1pJaHZjTkFRRUwKQlFBd0hqRWNNQm9HQTFVRUF3d1RTVUpOSUVOc2IzVmtJRVJoZEdGaVlYTmxjekFlRncweE9ERXdNVGt3T1RRMQpNekJhRncweU9ERXdNVFl3T1RRMU16QmFNQjR4SERBYUJnTlZCQU1NRTBsQ1RTQkRiRzkxWkNCRVlYUmhZbUZ6ClpYTXdnZ0VpTUEwR0NTcUdTSWIzRFFFQkFRVUFBNElCRHdBd2dnRUtBb0lCQVFDeFUxYlJJRkF2RTBPTXdjQi8KZTcrNmcydUZ6RkpHTURCVlhHV0lUelVsY1JhcEJEUytJd1dLN0tEeVhWQUZWSkVzeUMxM1F6dTVvYkR6TE53RgoxSDR3b3hJVUZlTEFJQU0yeXdsTk9HQmJjenFxWGt0Nll2LzNqVGFEcEhQdThTTDFRTHZxUUxIdVFhWjBwdkQ1CkpSOXFQaHdONGNtS1M3TGpSYmNaQ0tWbDhRTDBLY3NPb1hpZ2dudnRSZlJIVEhsZmFMWmdhZDJnTUdHVEdqbDUKRmJxRVcvb1RVbmdtMGtsYmlHdFFhdml5eVBSMzlyOGhBTmp4MEJjaFNueVd2THRhU2pUUC9QaDBHUWEvMlZYNQpmSlBMcUpHcnlmMW85STBIKzZNY1pIZ0I5OEdqSmpqNVJ6Y2pQd1MyK0JCNDhGYy9HN2hJeWtMSTBCZG51TG0xCjY5R2RBZ01CQUFHalV6QlJNQjBHQTFVZERnUVdCQlFPajJDYzZGQThlYS9ESmpyZEIrSG5NWTIyR1RBZkJnTlYKSFNNRUdEQVdnQlFPajJDYzZGQThlYS9ESmpyZEIrSG5NWTIyR1RBUEJnTlZIUk1CQWY4RUJUQURBUUgvTUEwRwpDU3FHU0liM0RRRUJDd1VBQTRJQkFRQ2l3QXVMOW50NlM4SEFBbjVjV09UT2tONVJNdEpLY2hlYisyK0NPaXo0CmFXbVFqUXFqU3c4UklOUkEwRG96OEIxQ2RzRGQ1QmRLbTZCdithWEVlQ2JKMnNXTEdvQ3dYckgvSnMvbkRWdnUKaGdvVzVQck5BanhCZjlKNjRlVW9rMWVEbHR0M00xMVR1cXc3d1BpNExKWEdXRjBXRWNhQVlBTUtWWVhZTnFKaApZL0hJeGVJL0djdmVSU0tFalFPNXlFd3NYOGF2VVNHbUtDWTJJVlNUOWlXK3NPcG5pcW55VkNjU2FTU3IrVWZBCklKUVprR3Zva2lLWDBtU1kwYUJ5UDUrTnhxRm9tR1lGbThjV2VuVklrVzFIcmpheC96SC9aME1HaHdrSGFDQTEKRlRlbDM0aDRzOHE4a1BUYUVXdW9oa29WODBJWUtMU1p0aEF6elh0SnBUVzEKLS0tLS1FTkQgQ0VSVElGSUNBVEUtLS0tLQo=",
                "certname": "631b75c3-4296-4ce9-b0f2-426423c5b0e6",
                "composed": "rediss://user123:$PASSWORD@39f86cbe-a1c9-4aed-bb04-c78433204bf9.c8gao0tt0nr65snb1shg.private.databases.appdomain.cloud:31578/0",
                "database": "0",
                "hosts": [
                  {
                    "hostname": "39f86cbe-a1c9-4aed-bb04-c78433204bf9.c8gao0tt0nr65snb1shg.private.databases.appdomain.cloud",
                    "port": "31578"
                  }
                ],
                "name": "user123",
                "password": "",
                "path": "/0",
                "queryoptions": "",
                "scheme": "rediss"
              },
              {
                "bundlebase64": "",
                "bundlename": "",
                "certbase64": "LS0tLS1CRUdJTiBDRVJUSUZJQ0FURS0tLS0tCk1JSURIVENDQWdXZ0F3SUJBZ0lVRklPMUVHZWVjQUpqRGhEZG1TZE9mQ1dQYm9Zd0RRWUpLb1pJaHZjTkFRRUwKQlFBd0hqRWNNQm9HQTFVRUF3d1RTVUpOSUVOc2IzVmtJRVJoZEdGaVlYTmxjekFlRncweE9ERXdNVGt3T1RRMQpNekJhRncweU9ERXdNVFl3T1RRMU16QmFNQjR4SERBYUJnTlZCQU1NRTBsQ1RTQkRiRzkxWkNCRVlYUmhZbUZ6ClpYTXdnZ0VpTUEwR0NTcUdTSWIzRFFFQkFRVUFBNElCRHdBd2dnRUtBb0lCQVFDeFUxYlJJRkF2RTBPTXdjQi8KZTcrNmcydUZ6RkpHTURCVlhHV0lUelVsY1JhcEJEUytJd1dLN0tEeVhWQUZWSkVzeUMxM1F6dTVvYkR6TE53RgoxSDR3b3hJVUZlTEFJQU0yeXdsTk9HQmJjenFxWGt0Nll2LzNqVGFEcEhQdThTTDFRTHZxUUxIdVFhWjBwdkQ1CkpSOXFQaHdONGNtS1M3TGpSYmNaQ0tWbDhRTDBLY3NPb1hpZ2dudnRSZlJIVEhsZmFMWmdhZDJnTUdHVEdqbDUKRmJxRVcvb1RVbmdtMGtsYmlHdFFhdml5eVBSMzlyOGhBTmp4MEJjaFNueVd2THRhU2pUUC9QaDBHUWEvMlZYNQpmSlBMcUpHcnlmMW85STBIKzZNY1pIZ0I5OEdqSmpqNVJ6Y2pQd1MyK0JCNDhGYy9HN2hJeWtMSTBCZG51TG0xCjY5R2RBZ01CQUFHalV6QlJNQjBHQTFVZERnUVdCQlFPajJDYzZGQThlYS9ESmpyZEIrSG5NWTIyR1RBZkJnTlYKSFNNRUdEQVdnQlFPajJDYzZGQThlYS9ESmpyZEIrSG5NWTIyR1RBUEJnTlZIUk1CQWY4RUJUQURBUUgvTUEwRwpDU3FHU0liM0RRRUJDd1VBQTRJQkFRQ2l3QXVMOW50NlM4SEFBbjVjV09UT2tONVJNdEpLY2hlYisyK0NPaXo0CmFXbVFqUXFqU3c4UklOUkEwRG96OEIxQ2RzRGQ1QmRLbTZCdithWEVlQ2JKMnNXTEdvQ3dYckgvSnMvbkRWdnUKaGdvVzVQck5BanhCZjlKNjRlVW9rMWVEbHR0M00xMVR1cXc3d1BpNExKWEdXRjBXRWNhQVlBTUtWWVhZTnFKaApZL0hJeGVJL0djdmVSU0tFalFPNXlFd3NYOGF2VVNHbUtDWTJJVlNUOWlXK3NPcG5pcW55VkNjU2FTU3IrVWZBCklKUVprR3Zva2lLWDBtU1kwYUJ5UDUrTnhxRm9tR1lGbThjV2VuVklrVzFIcmpheC96SC9aME1HaHdrSGFDQTEKRlRlbDM0aDRzOHE4a1BUYUVXdW9oa29WODBJWUtMU1p0aEF6elh0SnBUVzEKLS0tLS1FTkQgQ0VSVElGSUNBVEUtLS0tLQo=",
                "certname": "631b75c3-4296-4ce9-b0f2-426423c5b0e6",
                "composed": "rediss://admin:$PASSWORD@39f86cbe-a1c9-4aed-bb04-c78433204bf9.c8gao0tt0nr65snb1shg.private.databases.appdomain.cloud:31578/0",
                "database": "0",
                "hosts": [
                  {
                    "hostname": "39f86cbe-a1c9-4aed-bb04-c78433204bf9.c8gao0tt0nr65snb1shg.private.databases.appdomain.cloud",
                    "port": "31578"
                  }
                ],
                "name": "admin",
                "password": "",
                "path": "/0",
                "queryoptions": "",
                "scheme": "rediss"
              }
            ],
            "group": [
              {
                "cpu": [
                  {
                    "allocation_count": 3
                  }
                ],
                "disk": [
                  {
                    "allocation_mb": 5120
                  }
                ],
                "group_id": "member",
                "host_flavor": [],
                "members": [],
                "memory": [
                  {
                    "allocation_mb": 4096
                  }
                ]
              }
            ],
            "groups": [
              {
                "count": 2,
                "cpu": [
                  {
                    "allocation_count": 6,
                    "can_scale_down": true,
                    "is_adjustable": true,
                    "minimum_count": 6,
                    "step_size_count": 2,
                    "units": "count"
                  }
                ],
                "disk": [
                  {
                    "allocation_mb": 10240,
                    "can_scale_down": false,
                    "is_adjustable": true,
                    "minimum_mb": 10240,
                    "step_size_mb": 2048,
                    "units": "mb"
                  }
                ],
                "group_id": "member",
                "host_flavor": [],
                "memory": [
                  {
                    "allocation_mb": 8192,
                    "can_scale_down": true,
                    "cpu_enforcement_ratio_ceiling_mb": 0,
                    "cpu_enforcement_ratio_mb": 0,
                    "is_adjustable": true,
                    "minimum_mb": 2048,
                    "step_size_mb": 256,
                    "units": "mb"
                  }
                ]
              }
            ],
            "guid": "39f86cbe-a1c9-4aed-bb04-c78433204bf9",
            "id": "crn:v1:bluemix:public:databases-for-redis:jp-tok:a/5e46a08ef63f4b48867c2c26c8918821:39f86cbe-a1c9-4aed-bb04-c78433204bf9::",
            "key_protect_instance": null,
            "key_protect_key": null,
            "location": "jp-tok",
            "logical_replication_slot": [],
            "name": "db-mac",
            "offline_restore": null,
            "plan": "standard",
            "point_in_time_recovery_deployment_id": null,
            "point_in_time_recovery_time": null,
            "remote_leader_id": null,
            "resource_controller_url": "https://cloud.ibm.com/services/crn%3Av1%3Abluemix%3Apublic%3Adatabases-for-redis%3Ajp-tok%3Aa%2F5e46a08ef63f4b48867c2c26c8918821%3A39f86cbe-a1c9-4aed-bb04-c78433204bf9%3A%3A",
            "resource_crn": "crn:v1:bluemix:public:databases-for-redis:jp-tok:a/5e46a08ef63f4b48867c2c26c8918821:39f86cbe-a1c9-4aed-bb04-c78433204bf9::",
            "resource_group_id": "47c4cc4195ce4bdc976b4ee91ee2f26d",
            "resource_group_name": "crn:v1:bluemix:public:resource-controller::a/5e46a08ef63f4b48867c2c26c8918821::resource-group:47c4cc4195ce4bdc976b4ee91ee2f26d",
            "resource_name": "db-mac",
            "resource_status": "active",
            "service": "databases-for-redis",
            "service_endpoints": "private",
            "status": "active",
            "tags": [],
            "timeouts": null,
            "users": [
              {
                "name": "user123",
                "password": "password12345678",
                "role": "",
                "type": "database"
              }
            ],
            "version": "7.2"
          },
          "sensitive_attributes": [
            [
              {
                "type": "get_attr",
                "value": "users"
              }
            ],
            [
              {
                "type": "get_attr",
                "value": "adminpassword"
              }
            ]
          ],
          "private": "eyJlMmJmYjczMC1lY2FhLTExZTYtOGY4OC0zNDM2M2JjN2M0YzAiOnsiY3JlYXRlIjozNjAwMDAwMDAwMDAwLCJkZWxldGUiOjYwMDAwMDAwMDAwMCwidXBkYXRlIjozNjAwMDAwMDAwMDAwfX0=",
          "dependencies": [
            "data.ibm_resource_group.group-mac"
          ]
        }
      ]
    },
    {
      "mode": "managed",
      "type": "ibm_is_floating_ip",
      "name": "fip-vsi-mac",
      "provider": "provider[\"registry.terraform.io/ibm-cloud/ibm\"]",
      "instances": [
        {
          "schema_version": 0,
          "attributes": {
            "access_tags": [],
            "address": "162.133.142.223",
            "crn": "crn:v1:bluemix:public:is:jp-tok-1:a/5e46a08ef63f4b48867c2c26c8918821::floating-ip:r022-ed3f5814-5e4c-40f5-82bf-19d6af276ce4",
            "id": "r022-ed3f5814-5e4c-40f5-82bf-19d6af276ce4",
            "name": "fip-vsi-mac",
            "resource_controller_url": "https://cloud.ibm.com/vpc-ext/network/floatingIPs",
            "resource_crn": "crn:v1:bluemix:public:is:jp-tok-1:a/5e46a08ef63f4b48867c2c26c8918821::floating-ip:r022-ed3f5814-5e4c-40f5-82bf-19d6af276ce4",
            "resource_group": "47c4cc4195ce4bdc976b4ee91ee2f26d",
            "resource_group_name": "group-mac",
            "resource_name": "fip-vsi-mac",
            "resource_status": "available",
            "status": "available",
            "tags": [],
            "target": "02e7-b820f911-d771-42b7-8156-c9f09d286850",
            "target_list": [
              {
                "crn": "",
                "deleted": [],
                "href": "https://jp-tok.iaas.cloud.ibm.com/v1/instances/02e7_ed4d1783-4992-4c2b-b786-a40496852e56/network_interfaces/02e7-b820f911-d771-42b7-8156-c9f09d286850",
                "id": "02e7-b820f911-d771-42b7-8156-c9f09d286850",
                "name": "eth0",
                "primary_ip": [
                  {
                    "address": "10.244.0.5",
                    "href": "https://jp-tok.iaas.cloud.ibm.com/v1/subnets/02e7-eb7b09fb-d150-493a-ba2a-19bfe952e2cd/reserved_ips/02e7-557259c6-6b20-4fd6-afdf-9457a47849c0",
                    "name": "educated-outpost-talcum-unleash",
                    "reserved_ip": "02e7-557259c6-6b20-4fd6-afdf-9457a47849c0",
                    "resource_type": "subnet_reserved_ip"
                  }
                ],
                "resource_type": "network_interface"
              }
            ],
            "timeouts": null,
            "zone": "jp-tok-1"
          },
          "sensitive_attributes": [],
          "private": "eyJlMmJmYjczMC1lY2FhLTExZTYtOGY4OC0zNDM2M2JjN2M0YzAiOnsiY3JlYXRlIjo2MDAwMDAwMDAwMDAsImRlbGV0ZSI6NjAwMDAwMDAwMDAwfX0=",
          "dependencies": [
            "data.ibm_is_image.image-ubuntu",
            "data.ibm_is_ssh_key.ssh-key-mac",
            "data.ibm_resource_group.group-mac",
            "ibm_is_instance.vsi-mac",
            "ibm_is_security_group.sg-vsi-mac",
            "ibm_is_subnet.subnet-mac-1",
            "ibm_is_vpc.vpc-mac"
          ]
        }
      ]
    },
    {
      "mode": "managed",
      "type": "ibm_is_instance",
      "name": "vsi-mac",
      "provider": "provider[\"registry.terraform.io/ibm-cloud/ibm\"]",
      "instances": [
        {
          "schema_version": 0,
          "attributes": {
            "access_tags": [],
            "action": null,
            "auto_delete_volume": null,
            "availability_policy_host_failure": "restart",
            "bandwidth": 4000,
            "boot_volume": [
              {
                "auto_delete_volume": true,
                "encryption": "",
                "iops": 3000,
                "name": "splotchy-playset-sushi-spending",
                "profile": "general-purpose",
                "size": 100,
                "snapshot": "",
                "snapshot_crn": "",
                "tags": [],
                "volume_id": "r022-e63a3622-7753-42c8-a48b-75b39a4c9a84"
              }
            ],
            "catalog_offering": [],
            "confidential_compute_mode": "disabled",
            "crn": "crn:v1:bluemix:public:is:jp-tok-1:a/5e46a08ef63f4b48867c2c26c8918821::instance:02e7_ed4d1783-4992-4c2b-b786-a40496852e56",
            "dedicated_host": null,
            "dedicated_host_group": null,
            "default_trusted_profile_auto_link": null,
            "default_trusted_profile_target": null,
            "disks": [],
            "enable_secure_boot": false,
            "force_action": false,
            "force_recovery_time": null,
            "gpu": [],
            "id": "02e7_ed4d1783-4992-4c2b-b786-a40496852e56",
            "image": "r022-268e52bb-8aec-40fe-b3a2-7f905d897c0b",
            "instance_template": null,
            "keys": [
              "r022-cc0498df-b44d-4b12-bee8-6b0a59439c92"
            ],
            "lifecycle_reasons": [],
            "lifecycle_state": "stable",
            "memory": 8,
            "metadata_service": [
              {
                "enabled": false,
                "protocol": "http",
                "response_hop_limit": 1
              }
            ],
            "metadata_service_enabled": false,
            "name": "vsi-mac",
            "network_attachments": [],
            "network_interfaces": [],
            "numa_count": 1,
            "placement_group": null,
            "placement_target": [],
            "primary_network_attachment": [],
            "primary_network_interface": [
              {
                "allow_ip_spoofing": false,
                "id": "02e7-b820f911-d771-42b7-8156-c9f09d286850",
                "name": "eth0",
                "port_speed": 3000,
                "primary_ip": [
                  {
                    "address": "10.244.0.5",
                    "auto_delete": true,
                    "href": "https://jp-tok.iaas.cloud.ibm.com/v1/subnets/02e7-eb7b09fb-d150-493a-ba2a-19bfe952e2cd/reserved_ips/02e7-557259c6-6b20-4fd6-afdf-9457a47849c0",
                    "name": "educated-outpost-talcum-unleash",
                    "reserved_ip": "02e7-557259c6-6b20-4fd6-afdf-9457a47849c0",
                    "resource_type": "subnet_reserved_ip"
                  }
                ],
                "primary_ipv4_address": "10.244.0.5",
                "security_groups": [
                  "r022-41ffd979-c244-4b26-b619-e807fd3df926"
                ],
                "subnet": "02e7-eb7b09fb-d150-493a-ba2a-19bfe952e2cd"
              }
            ],
            "profile": "bx2-2x8",
            "reservation": [],
            "reservation_affinity": [
              {
                "policy": "disabled",
                "pool": []
              }
            ],
            "resource_controller_url": "https://cloud.ibm.com/vpc-ext/compute/vs",
            "resource_crn": "crn:v1:bluemix:public:is:jp-tok-1:a/5e46a08ef63f4b48867c2c26c8918821::instance:02e7_ed4d1783-4992-4c2b-b786-a40496852e56",
            "resource_group": "47c4cc4195ce4bdc976b4ee91ee2f26d",
            "resource_group_name": "group-mac",
            "resource_name": "vsi-mac",
            "resource_status": "running",
            "status": "running",
            "status_reasons": [],
            "tags": [],
            "timeouts": null,
            "total_network_bandwidth": 3000,
            "total_volume_bandwidth": 1000,
            "user_data": null,
            "vcpu": [
              {
                "architecture": "amd64",
                "count": 2,
                "manufacturer": "intel"
              }
            ],
            "volume_attachments": [
              {
                "id": "02e7-8ddec767-d38a-4a1b-a4e3-e6fd5bf69627",
                "name": "unrented-unbent-map-pumice",
                "volume_crn": "crn:v1:bluemix:public:is:jp-tok-1:a/5e46a08ef63f4b48867c2c26c8918821::volume:r022-e63a3622-7753-42c8-a48b-75b39a4c9a84",
                "volume_id": "r022-e63a3622-7753-42c8-a48b-75b39a4c9a84",
                "volume_name": "splotchy-playset-sushi-spending"
              }
            ],
            "volumes": null,
            "vpc": "r022-f5c78c1a-300e-4e15-b013-1255acac1b31",
            "wait_before_delete": true,
            "zone": "jp-tok-1"
          },
          "sensitive_attributes": [],
          "private": "eyJlMmJmYjczMC1lY2FhLTExZTYtOGY4OC0zNDM2M2JjN2M0YzAiOnsiY3JlYXRlIjoxODAwMDAwMDAwMDAwLCJkZWxldGUiOjE4MDAwMDAwMDAwMDAsInVwZGF0ZSI6MTgwMDAwMDAwMDAwMH19",
          "dependencies": [
            "data.ibm_is_image.image-ubuntu",
            "data.ibm_is_ssh_key.ssh-key-mac",
            "data.ibm_resource_group.group-mac",
            "ibm_is_security_group.sg-vsi-mac",
            "ibm_is_subnet.subnet-mac-1",
            "ibm_is_vpc.vpc-mac"
          ]
        }
      ]
    },
    {
      "mode": "managed",
      "type": "ibm_is_security_group",
      "name": "sg-vsi-mac",
      "provider": "provider[\"registry.terraform.io/ibm-cloud/ibm\"]",
      "instances": [
        {
          "schema_version": 0,
          "attributes": {
            "access_tags": [],
            "crn": "crn:v1:bluemix:public:is:jp-tok:a/5e46a08ef63f4b48867c2c26c8918821::security-group:r022-41ffd979-c244-4b26-b619-e807fd3df926",
            "id": "r022-41ffd979-c244-4b26-b619-e807fd3df926",
            "name": "sg-vsi-mac",
            "resource_controller_url": "https://cloud.ibm.com/vpc-ext/network/securityGroups",
            "resource_crn": "crn:v1:bluemix:public:is:jp-tok:a/5e46a08ef63f4b48867c2c26c8918821::security-group:r022-41ffd979-c244-4b26-b619-e807fd3df926",
            "resource_group": "47c4cc4195ce4bdc976b4ee91ee2f26d",
            "resource_group_name": "group-mac",
            "resource_name": "sg-vsi-mac",
            "rules": [
              {
                "code": 0,
                "direction": "inbound",
                "ip_version": "ipv4",
                "local": "0.0.0.0/0",
                "port_max": 0,
                "port_min": 0,
                "protocol": "all",
                "remote": "0.0.0.0/0",
                "type": 0
              },
              {
                "code": 0,
                "direction": "outbound",
                "ip_version": "ipv4",
                "local": "0.0.0.0/0",
                "port_max": 0,
                "port_min": 0,
                "protocol": "all",
                "remote": "0.0.0.0/0",
                "type": 0
              }
            ],
            "tags": [],
            "timeouts": null,
            "vpc": "r022-f5c78c1a-300e-4e15-b013-1255acac1b31"
          },
          "sensitive_attributes": [],
          "private": "eyJlMmJmYjczMC1lY2FhLTExZTYtOGY4OC0zNDM2M2JjN2M0YzAiOnsiY3JlYXRlIjo2MDAwMDAwMDAwMDAsImRlbGV0ZSI6NjAwMDAwMDAwMDAwfX0=",
          "dependencies": [
            "data.ibm_resource_group.group-mac",
            "ibm_is_vpc.vpc-mac"
          ]
        }
      ]
    },
    {
      "mode": "managed",
      "type": "ibm_is_security_group_rule",
      "name": "sg-rule-allow_inbound",
      "provider": "provider[\"registry.terraform.io/ibm-cloud/ibm\"]",
      "instances": [
        {
          "schema_version": 0,
          "attributes": {
            "direction": "inbound",
            "group": "r022-41ffd979-c244-4b26-b619-e807fd3df926",
            "icmp": [],
            "id": "r022-41ffd979-c244-4b26-b619-e807fd3df926.r022-c555ecd8-9270-4f73-a684-11cf3d75a82d",
            "ip_version": "ipv4",
            "local": "0.0.0.0/0",
            "protocol": "all",
            "related_crn": "crn:v1:bluemix:public:is:jp-tok:a/5e46a08ef63f4b48867c2c26c8918821::security-group:r022-41ffd979-c244-4b26-b619-e807fd3df926",
            "remote": "0.0.0.0/0",
            "rule_id": "r022-c555ecd8-9270-4f73-a684-11cf3d75a82d",
            "tcp": [],
            "udp": []
          },
          "sensitive_attributes": [],
          "private": "bnVsbA==",
          "dependencies": [
            "data.ibm_resource_group.group-mac",
            "ibm_is_security_group.sg-vsi-mac",
            "ibm_is_vpc.vpc-mac"
          ]
        }
      ]
    },
    {
      "mode": "managed",
      "type": "ibm_is_security_group_rule",
      "name": "sg-rule-allow_outbound",
      "provider": "provider[\"registry.terraform.io/ibm-cloud/ibm\"]",
      "instances": [
        {
          "schema_version": 0,
          "attributes": {
            "direction": "outbound",
            "group": "r022-41ffd979-c244-4b26-b619-e807fd3df926",
            "icmp": [],
            "id": "r022-41ffd979-c244-4b26-b619-e807fd3df926.r022-52c00609-3f52-4020-bbd8-a7982ec9eab1",
            "ip_version": "ipv4",
            "local": "0.0.0.0/0",
            "protocol": "all",
            "related_crn": "crn:v1:bluemix:public:is:jp-tok:a/5e46a08ef63f4b48867c2c26c8918821::security-group:r022-41ffd979-c244-4b26-b619-e807fd3df926",
            "remote": "0.0.0.0/0",
            "rule_id": "r022-52c00609-3f52-4020-bbd8-a7982ec9eab1",
            "tcp": [],
            "udp": []
          },
          "sensitive_attributes": [],
          "private": "bnVsbA==",
          "dependencies": [
            "data.ibm_resource_group.group-mac",
            "ibm_is_security_group.sg-vsi-mac",
            "ibm_is_vpc.vpc-mac"
          ]
        }
      ]
    },
    {
      "mode": "managed",
      "type": "ibm_is_subnet",
      "name": "subnet-mac-1",
      "provider": "provider[\"registry.terraform.io/ibm-cloud/ibm\"]",
      "instances": [
        {
          "schema_version": 0,
          "attributes": {
            "access_tags": [],
            "available_ipv4_address_count": 249,
            "crn": "crn:v1:bluemix:public:is:jp-tok-1:a/5e46a08ef63f4b48867c2c26c8918821::subnet:02e7-eb7b09fb-d150-493a-ba2a-19bfe952e2cd",
            "id": "02e7-eb7b09fb-d150-493a-ba2a-19bfe952e2cd",
            "ip_version": "ipv4",
            "ipv4_cidr_block": "10.244.0.0/24",
            "name": "subnet-mac-1",
            "network_acl": "r022-7a26a0df-1faf-4b30-82f9-013d0517bada",
            "public_gateway": "",
            "resource_controller_url": "https://cloud.ibm.com/vpc-ext/network/subnets",
            "resource_crn": "crn:v1:bluemix:public:is:jp-tok-1:a/5e46a08ef63f4b48867c2c26c8918821::subnet:02e7-eb7b09fb-d150-493a-ba2a-19bfe952e2cd",
            "resource_group": "47c4cc4195ce4bdc976b4ee91ee2f26d",
            "resource_group_name": "group-mac",
            "resource_name": "subnet-mac-1",
            "resource_status": "available",
            "routing_table": "r022-e2d10e41-f2ec-4573-96ca-3554045374f9",
            "status": "available",
            "tags": [],
            "timeouts": null,
            "total_ipv4_address_count": 256,
            "vpc": "r022-f5c78c1a-300e-4e15-b013-1255acac1b31",
            "zone": "jp-tok-1"
          },
          "sensitive_attributes": [],
          "private": "eyJlMmJmYjczMC1lY2FhLTExZTYtOGY4OC0zNDM2M2JjN2M0YzAiOnsiY3JlYXRlIjo2MDAwMDAwMDAwMDAsImRlbGV0ZSI6NjAwMDAwMDAwMDAwLCJ1cGRhdGUiOjYwMDAwMDAwMDAwMH19",
          "dependencies": [
            "data.ibm_resource_group.group-mac",
            "ibm_is_vpc.vpc-mac"
          ]
        }
      ]
    },
    {
      "mode": "managed",
      "type": "ibm_is_subnet",
      "name": "subnet-mac-2",
      "provider": "provider[\"registry.terraform.io/ibm-cloud/ibm\"]",
      "instances": [
        {
          "schema_version": 0,
          "attributes": {
            "access_tags": [],
            "available_ipv4_address_count": 251,
            "crn": "crn:v1:bluemix:public:is:jp-tok-1:a/5e46a08ef63f4b48867c2c26c8918821::subnet:02e7-0f828498-14e7-4b9a-a8bb-15e74b093051",
            "id": "02e7-0f828498-14e7-4b9a-a8bb-15e74b093051",
            "ip_version": "ipv4",
            "ipv4_cidr_block": "10.244.1.0/24",
            "name": "subnet-mac-2",
            "network_acl": "r022-7a26a0df-1faf-4b30-82f9-013d0517bada",
            "public_gateway": "",
            "resource_controller_url": "https://cloud.ibm.com/vpc-ext/network/subnets",
            "resource_crn": "crn:v1:bluemix:public:is:jp-tok-1:a/5e46a08ef63f4b48867c2c26c8918821::subnet:02e7-0f828498-14e7-4b9a-a8bb-15e74b093051",
            "resource_group": "47c4cc4195ce4bdc976b4ee91ee2f26d",
            "resource_group_name": "group-mac",
            "resource_name": "subnet-mac-2",
            "resource_status": "available",
            "routing_table": "r022-e2d10e41-f2ec-4573-96ca-3554045374f9",
            "status": "available",
            "tags": [],
            "timeouts": null,
            "total_ipv4_address_count": 256,
            "vpc": "r022-f5c78c1a-300e-4e15-b013-1255acac1b31",
            "zone": "jp-tok-1"
          },
          "sensitive_attributes": [],
          "private": "eyJlMmJmYjczMC1lY2FhLTExZTYtOGY4OC0zNDM2M2JjN2M0YzAiOnsiY3JlYXRlIjo2MDAwMDAwMDAwMDAsImRlbGV0ZSI6NjAwMDAwMDAwMDAwLCJ1cGRhdGUiOjYwMDAwMDAwMDAwMH19",
          "dependencies": [
            "data.ibm_resource_group.group-mac",
            "ibm_is_vpc.vpc-mac"
          ]
        }
      ]
    },
    {
      "mode": "managed",
      "type": "ibm_is_subnet_reserved_ip",
      "name": "rip-subnet-mac-1",
      "provider": "provider[\"registry.terraform.io/ibm-cloud/ibm\"]",
      "instances": [
        {
          "schema_version": 0,
          "attributes": {
            "address": "10.244.0.4",
            "auto_delete": false,
            "created_at": "2024-08-03T14:36:53.000Z",
            "href": "https://jp-tok.iaas.cloud.ibm.com/v1/subnets/02e7-eb7b09fb-d150-493a-ba2a-19bfe952e2cd/reserved_ips/02e7-ba32f785-3bfb-4ead-9bd6-aa63d4f3fb65",
            "id": "02e7-eb7b09fb-d150-493a-ba2a-19bfe952e2cd/02e7-ba32f785-3bfb-4ead-9bd6-aa63d4f3fb65",
            "lifecycle_state": "stable",
            "name": "rip-subnet-mac-1",
            "owner": "user",
            "reserved_ip": "02e7-ba32f785-3bfb-4ead-9bd6-aa63d4f3fb65",
            "resource_type": "subnet_reserved_ip",
            "subnet": "02e7-eb7b09fb-d150-493a-ba2a-19bfe952e2cd",
            "target": null,
            "target_crn": null,
            "timeouts": null
          },
          "sensitive_attributes": [],
          "private": "eyJlMmJmYjczMC1lY2FhLTExZTYtOGY4OC0zNDM2M2JjN2M0YzAiOnsiY3JlYXRlIjo2MDAwMDAwMDAwMDAsImRlbGV0ZSI6NjAwMDAwMDAwMDAwfX0=",
          "dependencies": [
            "data.ibm_resource_group.group-mac",
            "ibm_is_subnet.subnet-mac-1",
            "ibm_is_vpc.vpc-mac"
          ]
        }
      ]
    },
    {
      "mode": "managed",
      "type": "ibm_is_virtual_endpoint_gateway",
      "name": "vpe-db-mac",
      "provider": "provider[\"registry.terraform.io/ibm-cloud/ibm\"]",
      "instances": [
        {
          "schema_version": 0,
          "attributes": {
            "access_tags": [],
            "allow_dns_resolution_binding": true,
            "created_at": "2024-08-03T14:47:30.000Z",
            "crn": "crn:v1:bluemix:public:is:jp-tok:a/5e46a08ef63f4b48867c2c26c8918821::endpoint-gateway:r022-fc54fed7-1298-40d2-a0b1-017b273fce11",
            "health_state": "ok",
            "id": "r022-fc54fed7-1298-40d2-a0b1-017b273fce11",
            "ips": [],
            "lifecycle_state": "stable",
            "name": "vpe-db-mac",
            "resource_group": "47c4cc4195ce4bdc976b4ee91ee2f26d",
            "resource_type": "endpoint_gateway",
            "security_groups": [
              "r022-41ffd979-c244-4b26-b619-e807fd3df926"
            ],
            "service_endpoints": [
              "39f86cbe-a1c9-4aed-bb04-c78433204bf9.c8gao0tt0nr65snb1shg.private.databases.appdomain.cloud"
            ],
            "tags": [],
            "target": [
              {
                "crn": "crn:v1:bluemix:public:databases-for-redis:jp-tok:a/5e46a08ef63f4b48867c2c26c8918821:39f86cbe-a1c9-4aed-bb04-c78433204bf9::",
                "name": "",
                "resource_type": "provider_cloud_service"
              }
            ],
            "timeouts": null,
            "vpc": "r022-f5c78c1a-300e-4e15-b013-1255acac1b31"
          },
          "sensitive_attributes": [],
          "private": "eyJlMmJmYjczMC1lY2FhLTExZTYtOGY4OC0zNDM2M2JjN2M0YzAiOnsiY3JlYXRlIjoxODAwMDAwMDAwMDAwLCJkZWxldGUiOjE4MDAwMDAwMDAwMDAsInVwZGF0ZSI6MTgwMDAwMDAwMDAwMH19",
          "dependencies": [
            "data.ibm_resource_group.group-mac",
            "ibm_database.db-mac",
            "ibm_is_security_group.sg-vsi-mac",
            "ibm_is_vpc.vpc-mac"
          ]
        }
      ]
    },
    {
      "mode": "managed",
      "type": "ibm_is_virtual_endpoint_gateway_ip",
      "name": "rip_vpe-db-mac",
      "provider": "provider[\"registry.terraform.io/ibm-cloud/ibm\"]",
      "instances": [
        {
          "schema_version": 0,
          "attributes": {
            "address": "10.244.0.4",
            "auto_delete": false,
            "created_at": "2024-08-03T14:36:53.000Z",
            "gateway": "r022-fc54fed7-1298-40d2-a0b1-017b273fce11",
            "id": "r022-fc54fed7-1298-40d2-a0b1-017b273fce11/02e7-ba32f785-3bfb-4ead-9bd6-aa63d4f3fb65",
            "name": "rip-subnet-mac-1",
            "reserved_ip": "02e7-ba32f785-3bfb-4ead-9bd6-aa63d4f3fb65",
            "resource_type": "subnet_reserved_ip",
            "target": [
              {
                "id": "r022-fc54fed7-1298-40d2-a0b1-017b273fce11",
                "name": "vpe-db-mac",
                "resource_type": "endpoint_gateway"
              }
            ],
            "timeouts": null
          },
          "sensitive_attributes": [],
          "private": "eyJlMmJmYjczMC1lY2FhLTExZTYtOGY4OC0zNDM2M2JjN2M0YzAiOnsiY3JlYXRlIjoxODAwMDAwMDAwMDAwLCJkZWxldGUiOjE4MDAwMDAwMDAwMDAsInVwZGF0ZSI6MTgwMDAwMDAwMDAwMH19",
          "dependencies": [
            "data.ibm_resource_group.group-mac",
            "ibm_database.db-mac",
            "ibm_is_security_group.sg-vsi-mac",
            "ibm_is_subnet.subnet-mac-1",
            "ibm_is_subnet_reserved_ip.rip-subnet-mac-1",
            "ibm_is_virtual_endpoint_gateway.vpe-db-mac",
            "ibm_is_vpc.vpc-mac"
          ]
        }
      ]
    },
    {
      "mode": "managed",
      "type": "ibm_is_vpc",
      "name": "vpc-mac",
      "provider": "provider[\"registry.terraform.io/ibm-cloud/ibm\"]",
      "instances": [
        {
          "schema_version": 0,
          "attributes": {
            "access_tags": [],
            "address_prefix_management": "auto",
            "classic_access": false,
            "crn": "crn:v1:bluemix:public:is:jp-tok:a/5e46a08ef63f4b48867c2c26c8918821::vpc:r022-f5c78c1a-300e-4e15-b013-1255acac1b31",
            "cse_source_addresses": [
              {
                "address": "10.223.195.180",
                "zone_name": "jp-tok-1"
              },
              {
                "address": "10.223.204.91",
                "zone_name": "jp-tok-2"
              },
              {
                "address": "10.223.220.171",
                "zone_name": "jp-tok-3"
              }
            ],
            "default_network_acl": "r022-7a26a0df-1faf-4b30-82f9-013d0517bada",
            "default_network_acl_crn": "crn:v1:bluemix:public:is:jp-tok:a/5e46a08ef63f4b48867c2c26c8918821::network-acl:r022-7a26a0df-1faf-4b30-82f9-013d0517bada",
            "default_network_acl_name": "nacl-mac",
            "default_routing_table": "r022-e2d10e41-f2ec-4573-96ca-3554045374f9",
            "default_routing_table_name": "routing-table-mac",
            "default_security_group": "r022-4970dda9-5958-472a-ba8f-ccd8807e741d",
            "default_security_group_crn": "crn:v1:bluemix:public:is:jp-tok:a/5e46a08ef63f4b48867c2c26c8918821::security-group:r022-4970dda9-5958-472a-ba8f-ccd8807e741d",
            "default_security_group_name": "sg-mac",
            "dns": [
              {
                "enable_hub": false,
                "resolution_binding_count": 0,
                "resolver": [
                  {
                    "configuration": "default",
                    "dns_binding_id": "",
                    "dns_binding_name": "",
                    "manual_servers": [],
                    "servers": [
                      {
                        "address": "161.26.0.10",
                        "zone_affinity": ""
                      },
                      {
                        "address": "161.26.0.11",
                        "zone_affinity": ""
                      }
                    ],
                    "type": "system",
                    "vpc_crn": "",
                    "vpc_id": "",
                    "vpc_name": "",
                    "vpc_remote_account_id": "",
                    "vpc_remote_region": ""
                  }
                ]
              }
            ],
            "health_reasons": [],
            "health_state": "ok",
            "id": "r022-f5c78c1a-300e-4e15-b013-1255acac1b31",
            "name": "vpc-mac",
            "no_sg_acl_rules": false,
            "resource_controller_url": "https://cloud.ibm.com/vpc-ext/network/vpcs",
            "resource_crn": "crn:v1:bluemix:public:is:jp-tok:a/5e46a08ef63f4b48867c2c26c8918821::vpc:r022-f5c78c1a-300e-4e15-b013-1255acac1b31",
            "resource_group": "47c4cc4195ce4bdc976b4ee91ee2f26d",
            "resource_group_name": "group-mac",
            "resource_name": "vpc-mac",
            "resource_status": "available",
            "security_group": [
              {
                "group_id": "r022-41ffd979-c244-4b26-b619-e807fd3df926",
                "group_name": "sg-vsi-mac",
                "rules": [
                  {
                    "code": 0,
                    "direction": "inbound",
                    "ip_version": "ipv4",
                    "port_max": 0,
                    "port_min": 0,
                    "protocol": "all",
                    "remote": "0.0.0.0/0",
                    "rule_id": "r022-c555ecd8-9270-4f73-a684-11cf3d75a82d",
                    "type": 0
                  },
                  {
                    "code": 0,
                    "direction": "outbound",
                    "ip_version": "ipv4",
                    "port_max": 0,
                    "port_min": 0,
                    "protocol": "all",
                    "remote": "0.0.0.0/0",
                    "rule_id": "r022-52c00609-3f52-4020-bbd8-a7982ec9eab1",
                    "type": 0
                  }
                ]
              },
              {
                "group_id": "r022-4970dda9-5958-472a-ba8f-ccd8807e741d",
                "group_name": "sg-mac",
                "rules": [
                  {
                    "code": 0,
                    "direction": "outbound",
                    "ip_version": "ipv4",
                    "port_max": 0,
                    "port_min": 0,
                    "protocol": "all",
                    "remote": "0.0.0.0/0",
                    "rule_id": "r022-ddcd913a-6062-4a37-be4b-0737dcb32d74",
                    "type": 0
                  },
                  {
                    "code": 0,
                    "direction": "inbound",
                    "ip_version": "ipv4",
                    "port_max": 0,
                    "port_min": 0,
                    "protocol": "all",
                    "remote": "r022-4970dda9-5958-472a-ba8f-ccd8807e741d",
                    "rule_id": "r022-c6f77c61-f1d1-4e66-a939-7f5a9262498c",
                    "type": 0
                  }
                ]
              }
            ],
            "status": "available",
            "subnets": [
              {
                "available_ipv4_address_count": 251,
                "id": "02e7-0f828498-14e7-4b9a-a8bb-15e74b093051",
                "name": "subnet-mac-2",
                "status": "available",
                "total_ipv4_address_count": 256,
                "zone": "jp-tok-1"
              },
              {
                "available_ipv4_address_count": 249,
                "id": "02e7-eb7b09fb-d150-493a-ba2a-19bfe952e2cd",
                "name": "subnet-mac-1",
                "status": "available",
                "total_ipv4_address_count": 256,
                "zone": "jp-tok-1"
              }
            ],
            "tags": [],
            "timeouts": null
          },
          "sensitive_attributes": [],
          "private": "eyJlMmJmYjczMC1lY2FhLTExZTYtOGY4OC0zNDM2M2JjN2M0YzAiOnsiY3JlYXRlIjo2MDAwMDAwMDAwMDAsImRlbGV0ZSI6NjAwMDAwMDAwMDAwfX0=",
          "dependencies": [
            "data.ibm_resource_group.group-mac"
          ]
        }
      ]
    }
  ],
  "check_results": null
}
