{
  "version": 4,
  "terraform_version": "1.9.2",
  "serial": 168,
  "lineage": "53340e89-e21e-bf98-61b1-f77215b7817c",
  "outputs": {
    "crn-db-postgresql-mac": {
      "value": "crn:v1:bluemix:public:databases-for-postgresql:jp-tok:a/5e46a08ef63f4b48867c2c26c8918821:a8a713a9-e300-4016-bb25-6e091005aed8::",
      "type": "string"
    }
  },
  "resources": [
    {
      "mode": "data",
      "type": "ibm_is_image",
      "name": "image-ubuntu",
      "provider": "provider[\"registry.terraform.io/ibm-cloud/ibm\"]",
      "instances": [
        {
          "schema_version": 0,
          "attributes": {
            "access_tags": [],
            "architecture": "amd64",
            "catalog_offering": [
              {
                "managed": false,
                "version": []
              }
            ],
            "checksum": "dee04035cfe3aec1ce020abe1437e66422168390d872b11da6ed7eb430cfb4da",
            "created_at": "2024-07-03T15:49:29.000Z",
            "crn": "crn:v1:bluemix:public:is:jp-tok:a/811f8abfbd32425597dc7ba40da98fa6::image:r022-268e52bb-8aec-40fe-b3a2-7f905d897c0b",
            "deprecation_at": null,
            "encryption": "none",
            "encryption_key": null,
            "id": "r022-268e52bb-8aec-40fe-b3a2-7f905d897c0b",
            "identifier": null,
            "name": "ibm-ubuntu-24-04-minimal-amd64-3",
            "obsolescence_at": null,
            "operating_system": [
              {
                "allow_user_image_creation": true,
                "architecture": "amd64",
                "dedicated_host_only": false,
                "display_name": "Ubuntu Linux 24.04 LTS Noble Numbat Minimal Install (amd64)",
                "family": "Ubuntu Linux",
                "href": "https://jp-tok.iaas.cloud.ibm.com/v1/operating_systems/ubuntu-24-04-amd64",
                "name": "ubuntu-24-04-amd64",
                "user_data_format": "cloud_init",
                "vendor": "Canonical",
                "version": "24.04 LTS Noble Numbat Minimal Install"
              }
            ],
            "os": "ubuntu-24-04-amd64",
            "resource_group": [
              {
                "href": "https://resource-controller.cloud.ibm.com/v1/resource_groups/5807b5832a8741179b2e06ca2d2b3b96",
                "id": "5807b5832a8741179b2e06ca2d2b3b96",
                "name": "Default"
              }
            ],
            "source_volume": null,
            "status": "available",
            "status_reasons": null,
            "user_data_format": "cloud_init",
            "visibility": "public"
          },
          "sensitive_attributes": []
        }
      ]
    },
    {
      "mode": "data",
      "type": "ibm_is_ssh_key",
      "name": "ssh-key-mac",
      "provider": "provider[\"registry.terraform.io/ibm-cloud/ibm\"]",
      "instances": [
        {
          "schema_version": 0,
          "attributes": {
            "access_tags": [],
            "crn": "crn:v1:bluemix:public:is:jp-tok:a/5e46a08ef63f4b48867c2c26c8918821::key:r022-cc0498df-b44d-4b12-bee8-6b0a59439c92",
            "fingerprint": "SHA256:UmiIRxd6FBWlsDkMUZCloOdpHHTNhLB5jr1N/wlkbcg",
            "id": "r022-cc0498df-b44d-4b12-bee8-6b0a59439c92",
            "length": 4096,
            "name": "ssh-key-mac",
            "public_key": "ssh-rsa AAAAB3NzaC1yc2EAAAADAQABAAACAQCWnILu42pSBK/8+Qy594JOvIOLyWRHKai4lUhPpVdyIpXBT9uc6ZExP06mVT4Hsz1pLJn2dIsiopPJWInM0buW3pvqX3xOcFHOVnFV0FKBlaM5ybH1ioh6qHhlWmTzI6SicNlQUVwi+wj3we/GfRXkS0Isf7Ul3kiGDeKnC1ijdqusv7Z+L+f35xdOsqWjLnSav8qXRjzScC8mKni1BkcE7dpR+vXogK5Z710nHkiPo5yFbvjeHMOhy/FUAxTmVoVU9xtlY3bPrdIMDu+vzAl7j8p5GeRS4oes/0EMArfbDeHRpB6Zs/JW1Hlm6qJnV3J5LYh/coC4gTR3Ri8QE7DPI/pHKLdDl5TKENh1jZaqkIwxhx1PfJOUucfzd907GzuesPl01fKDeV/71wBX30CJXc29yUlVZPcmtfSYRgKTyikpW213vwoY6f0Dvqr/SjHTISzRteq2TsIygKkvPAjEitUK2gjicd1H+rNk7zXvDKIXcI+OOrtnRZYOsZnHcqZEpB1/m7NE9rKoEesVk7gd85Lyg/UPnO9O34NF4S+qOMsq1yK0CzHi4j9iTBFg03OhYGU/zi13WizVNc5pt9NL3j/HnUuTTiJwZLO57A5w/A14VhWuKEYJm/fHeQ5tmAHjaH1WUVjMaUG8ijoYnPaVpBXZMN/zod0Ic2W0pOXHGw==",
            "resource_controller_url": "https://cloud.ibm.com/vpc/compute/sshKeys",
            "resource_crn": "crn:v1:bluemix:public:is:jp-tok:a/5e46a08ef63f4b48867c2c26c8918821::key:r022-cc0498df-b44d-4b12-bee8-6b0a59439c92",
            "resource_group": null,
            "resource_group_name": "47c4cc4195ce4bdc976b4ee91ee2f26d",
            "resource_name": "ssh-key-mac",
            "tags": [],
            "type": "rsa"
          },
          "sensitive_attributes": []
        }
      ]
    },
    {
      "mode": "data",
      "type": "ibm_resource_group",
      "name": "group-mac",
      "provider": "provider[\"registry.terraform.io/ibm-cloud/ibm\"]",
      "instances": [
        {
          "schema_version": 0,
          "attributes": {
            "account_id": "5e46a08ef63f4b48867c2c26c8918821",
            "created_at": "2024-08-02T14:35:47.404Z",
            "crn": "crn:v1:bluemix:public:resource-controller::a/5e46a08ef63f4b48867c2c26c8918821::resource-group:47c4cc4195ce4bdc976b4ee91ee2f26d",
            "id": "47c4cc4195ce4bdc976b4ee91ee2f26d",
            "is_default": false,
            "name": "group-mac",
            "payment_methods_url": null,
            "quota_id": "a3d7b8d01e261c24677937c29ab33f3c",
            "quota_url": "/v2/quota_definitions/a3d7b8d01e261c24677937c29ab33f3c",
            "resource_linkages": [],
            "state": "ACTIVE",
            "teams_url": null,
            "updated_at": "2024-08-02T15:38:16.681Z"
          },
          "sensitive_attributes": []
        }
      ]
    },
    {
      "mode": "managed",
      "type": "ibm_database",
      "name": "db-postgresql-mac",
      "provider": "provider[\"registry.terraform.io/ibm-cloud/ibm\"]",
      "instances": [
        {
          "schema_version": 0,
          "attributes": {
            "adminpassword": "password12345678",
            "adminuser": "admin",
            "allowlist": [],
            "auto_scaling": [
              {
                "cpu": [
                  {
                    "rate_increase_percent": 10,
                    "rate_limit_count_per_member": 30,
                    "rate_period_seconds": 900,
                    "rate_units": "count"
                  }
                ],
                "disk": [
                  {
                    "capacity_enabled": false,
                    "free_space_less_than_percent": 10,
                    "io_above_percent": 90,
                    "io_enabled": false,
                    "io_over_period": "15m",
                    "rate_increase_percent": 10,
                    "rate_limit_mb_per_member": 3670016,
                    "rate_period_seconds": 900,
                    "rate_units": "mb"
                  }
                ],
                "memory": [
                  {
                    "io_above_percent": 90,
                    "io_enabled": false,
                    "io_over_period": "15m",
                    "rate_increase_percent": 10,
                    "rate_limit_mb_per_member": 114688,
                    "rate_period_seconds": 900,
                    "rate_units": "mb"
                  }
                ]
              }
            ],
            "backup_encryption_key_crn": null,
            "backup_id": null,
            "configuration": null,
            "configuration_schema": "{\"schema\":{\"archive_timeout\":{\"default\":1800,\"default_description\":\"This property has no documentation for its default value.\",\"description\":\"Generate a new transaction log segment and archive the old one if we haven't done so by this timeout value.  Roughly the maximum RPO.\",\"kind\":\"integer\",\"max\":1073741823,\"min\":300,\"requires_restart\":false,\"step\":null},\"deadlock_timeout\":{\"default\":10000,\"default_description\":\"This property has no documentation for its default value.\",\"description\":\"Deadlock timeout in ms. The time to wait on a lock before checking for deadlock.  Also the duration where lock waits will be logged.\",\"kind\":\"integer\",\"max\":2147483647,\"min\":100,\"requires_restart\":false,\"step\":null},\"effective_io_concurrency\":{\"default\":12,\"default_description\":\"This property has no documentation for its default value.\",\"description\":\"Number of simultaneous requests that can be handled efficiently by the disk subsystem.\",\"kind\":\"integer\",\"max\":1000,\"min\":1,\"requires_restart\":false,\"step\":null},\"log_connections\":{\"choices\":[\"off\",\"on\"],\"default\":\"off\",\"default_description\":\"This property has no documentation for its default value.\",\"description\":\"Causes each attempted connection to the server to be logged, as well as successful completion of client authentication.\",\"kind\":\"choice\",\"requires_restart\":false},\"log_disconnections\":{\"choices\":[\"off\",\"on\"],\"default\":\"off\",\"default_description\":\"This property has no documentation for its default value.\",\"description\":\"Causes session terminations to be logged. The log output provides information similar to log_connections, plus the duration of the session.\",\"kind\":\"choice\",\"requires_restart\":false},\"log_min_duration_statement\":{\"default\":100,\"default_description\":\"This property has no documentation for its default value.\",\"description\":\"Sets the minimum execution time above which statements will be logged.\",\"kind\":\"integer\",\"max\":2147483647,\"min\":100,\"requires_restart\":false,\"step\":null},\"max_connections\":{\"default\":115,\"default_description\":\"This property has no documentation for its default value.\",\"description\":\"Maximum connections allowed.\",\"kind\":\"integer\",\"max\":null,\"min\":115,\"requires_restart\":true,\"step\":null},\"max_locks_per_transaction\":{\"default\":64,\"default_description\":\"Historically proven sufficient. May need to raise if queries touch many different tables in a single transaction\",\"description\":\"This parameter controls the average number of object locks allocated for each transaction. No more than this many distinct objects can be locked at any one time\",\"kind\":\"integer\",\"max\":2147483647,\"min\":10,\"requires_restart\":true,\"step\":null},\"max_prepared_transactions\":{\"default\":0,\"default_description\":\"This property has no documentation for its default value.\",\"description\":\"Max number of transactions that can be in the \\\"prepared\\\" state simultaneously.\",\"kind\":\"integer\",\"max\":null,\"min\":0,\"requires_restart\":true,\"step\":null},\"max_replication_slots\":{\"default\":10,\"default_description\":\"This property has no documentation for its default value.\",\"description\":\"Maximum number of simultaneously defined replication slots.\",\"kind\":\"integer\",\"max\":262143,\"min\":10,\"requires_restart\":true,\"step\":null},\"max_wal_senders\":{\"default\":12,\"default_description\":\"This property has no documentation for its default value.\",\"description\":\"Maximum number of simultaneously running WAL sender processes.\",\"kind\":\"integer\",\"max\":262143,\"min\":12,\"requires_restart\":true,\"step\":null},\"shared_buffers\":{\"default\":32000,\"default_description\":\"This property has no documentation for its default value.\",\"description\":\"The number of 8kB shared memory buffers used by the server.  Set to 1/4 of memory as general guidance.  Setting too high will cause crashes or prevent the database from starting.\",\"kind\":\"integer\",\"max\":null,\"min\":16,\"requires_restart\":true,\"step\":null},\"synchronous_commit\":{\"choices\":[\"local\",\"on\",\"off\"],\"default\":\"local\",\"default_description\":\"This property has no documentation for its default value.\",\"description\":\"Sets the current transaction's synchronization level.  Off can result in data loss.  On should only be used for formations with at least 3 members.  remote_write with enable synchronous replication which will impact performance and availabilty.\",\"kind\":\"choice\",\"requires_restart\":false},\"tcp_keepalives_count\":{\"default\":6,\"default_description\":\"This property has no documentation for its default value.\",\"description\":\"The number of TCP keepalives that can be lost before the server's connection to the client is considered dead.\",\"kind\":\"integer\",\"max\":2147483647,\"min\":0,\"requires_restart\":false,\"step\":null},\"tcp_keepalives_idle\":{\"default\":300,\"default_description\":\"This property has no documentation for its default value.\",\"description\":\"The number of seconds of inactivity after which TCP should send a keepalive message to the client.\",\"kind\":\"integer\",\"max\":2147483647,\"min\":0,\"requires_restart\":false,\"step\":null},\"tcp_keepalives_interval\":{\"default\":10,\"default_description\":\"This property has no documentation for its default value.\",\"description\":\"The number of seconds after which a TCP keepalive message that is not acknowledged by the client should be retransmitted\",\"kind\":\"integer\",\"max\":2147483647,\"min\":0,\"requires_restart\":false,\"step\":null},\"wal_level\":{\"choices\":[\"hot_standby\",\"logical\"],\"default\":\"hot_standby\",\"default_description\":\"This property has no documentation for its default value.\",\"description\":\"WAL level.  Set to logical to use logical decoding or logical replication.\",\"kind\":\"choice\",\"requires_restart\":true}}}",
            "connectionstrings": [
              {
                "bundlebase64": "",
                "bundlename": "",
                "certbase64": "LS0tLS1CRUdJTiBDRVJUSUZJQ0FURS0tLS0tCk1JSURIVENDQWdXZ0F3SUJBZ0lVRklPMUVHZWVjQUpqRGhEZG1TZE9mQ1dQYm9Zd0RRWUpLb1pJaHZjTkFRRUwKQlFBd0hqRWNNQm9HQTFVRUF3d1RTVUpOSUVOc2IzVmtJRVJoZEdGaVlYTmxjekFlRncweE9ERXdNVGt3T1RRMQpNekJhRncweU9ERXdNVFl3T1RRMU16QmFNQjR4SERBYUJnTlZCQU1NRTBsQ1RTQkRiRzkxWkNCRVlYUmhZbUZ6ClpYTXdnZ0VpTUEwR0NTcUdTSWIzRFFFQkFRVUFBNElCRHdBd2dnRUtBb0lCQVFDeFUxYlJJRkF2RTBPTXdjQi8KZTcrNmcydUZ6RkpHTURCVlhHV0lUelVsY1JhcEJEUytJd1dLN0tEeVhWQUZWSkVzeUMxM1F6dTVvYkR6TE53RgoxSDR3b3hJVUZlTEFJQU0yeXdsTk9HQmJjenFxWGt0Nll2LzNqVGFEcEhQdThTTDFRTHZxUUxIdVFhWjBwdkQ1CkpSOXFQaHdONGNtS1M3TGpSYmNaQ0tWbDhRTDBLY3NPb1hpZ2dudnRSZlJIVEhsZmFMWmdhZDJnTUdHVEdqbDUKRmJxRVcvb1RVbmdtMGtsYmlHdFFhdml5eVBSMzlyOGhBTmp4MEJjaFNueVd2THRhU2pUUC9QaDBHUWEvMlZYNQpmSlBMcUpHcnlmMW85STBIKzZNY1pIZ0I5OEdqSmpqNVJ6Y2pQd1MyK0JCNDhGYy9HN2hJeWtMSTBCZG51TG0xCjY5R2RBZ01CQUFHalV6QlJNQjBHQTFVZERnUVdCQlFPajJDYzZGQThlYS9ESmpyZEIrSG5NWTIyR1RBZkJnTlYKSFNNRUdEQVdnQlFPajJDYzZGQThlYS9ESmpyZEIrSG5NWTIyR1RBUEJnTlZIUk1CQWY4RUJUQURBUUgvTUEwRwpDU3FHU0liM0RRRUJDd1VBQTRJQkFRQ2l3QXVMOW50NlM4SEFBbjVjV09UT2tONVJNdEpLY2hlYisyK0NPaXo0CmFXbVFqUXFqU3c4UklOUkEwRG96OEIxQ2RzRGQ1QmRLbTZCdithWEVlQ2JKMnNXTEdvQ3dYckgvSnMvbkRWdnUKaGdvVzVQck5BanhCZjlKNjRlVW9rMWVEbHR0M00xMVR1cXc3d1BpNExKWEdXRjBXRWNhQVlBTUtWWVhZTnFKaApZL0hJeGVJL0djdmVSU0tFalFPNXlFd3NYOGF2VVNHbUtDWTJJVlNUOWlXK3NPcG5pcW55VkNjU2FTU3IrVWZBCklKUVprR3Zva2lLWDBtU1kwYUJ5UDUrTnhxRm9tR1lGbThjV2VuVklrVzFIcmpheC96SC9aME1HaHdrSGFDQTEKRlRlbDM0aDRzOHE4a1BUYUVXdW9oa29WODBJWUtMU1p0aEF6elh0SnBUVzEKLS0tLS1FTkQgQ0VSVElGSUNBVEUtLS0tLQo=",
                "certname": "20accfbb-5bcd-4edc-aacf-ca14822b8b02",
                "composed": "postgres://user123:$PASSWORD@a8a713a9-e300-4016-bb25-6e091005aed8.bqfh4fpt0vhjh7rs4ot0.databases.appdomain.cloud:32143/ibmclouddb?sslmode=verify-full",
                "database": "ibmclouddb",
                "hosts": [
                  {
                    "hostname": "a8a713a9-e300-4016-bb25-6e091005aed8.bqfh4fpt0vhjh7rs4ot0.databases.appdomain.cloud",
                    "port": "32143"
                  }
                ],
                "name": "user123",
                "password": "",
                "path": "/ibmclouddb",
                "queryoptions": "?sslmode=verify-full",
                "scheme": "postgres"
              },
              {
                "bundlebase64": "",
                "bundlename": "",
                "certbase64": "LS0tLS1CRUdJTiBDRVJUSUZJQ0FURS0tLS0tCk1JSURIVENDQWdXZ0F3SUJBZ0lVRklPMUVHZWVjQUpqRGhEZG1TZE9mQ1dQYm9Zd0RRWUpLb1pJaHZjTkFRRUwKQlFBd0hqRWNNQm9HQTFVRUF3d1RTVUpOSUVOc2IzVmtJRVJoZEdGaVlYTmxjekFlRncweE9ERXdNVGt3T1RRMQpNekJhRncweU9ERXdNVFl3T1RRMU16QmFNQjR4SERBYUJnTlZCQU1NRTBsQ1RTQkRiRzkxWkNCRVlYUmhZbUZ6ClpYTXdnZ0VpTUEwR0NTcUdTSWIzRFFFQkFRVUFBNElCRHdBd2dnRUtBb0lCQVFDeFUxYlJJRkF2RTBPTXdjQi8KZTcrNmcydUZ6RkpHTURCVlhHV0lUelVsY1JhcEJEUytJd1dLN0tEeVhWQUZWSkVzeUMxM1F6dTVvYkR6TE53RgoxSDR3b3hJVUZlTEFJQU0yeXdsTk9HQmJjenFxWGt0Nll2LzNqVGFEcEhQdThTTDFRTHZxUUxIdVFhWjBwdkQ1CkpSOXFQaHdONGNtS1M3TGpSYmNaQ0tWbDhRTDBLY3NPb1hpZ2dudnRSZlJIVEhsZmFMWmdhZDJnTUdHVEdqbDUKRmJxRVcvb1RVbmdtMGtsYmlHdFFhdml5eVBSMzlyOGhBTmp4MEJjaFNueVd2THRhU2pUUC9QaDBHUWEvMlZYNQpmSlBMcUpHcnlmMW85STBIKzZNY1pIZ0I5OEdqSmpqNVJ6Y2pQd1MyK0JCNDhGYy9HN2hJeWtMSTBCZG51TG0xCjY5R2RBZ01CQUFHalV6QlJNQjBHQTFVZERnUVdCQlFPajJDYzZGQThlYS9ESmpyZEIrSG5NWTIyR1RBZkJnTlYKSFNNRUdEQVdnQlFPajJDYzZGQThlYS9ESmpyZEIrSG5NWTIyR1RBUEJnTlZIUk1CQWY4RUJUQURBUUgvTUEwRwpDU3FHU0liM0RRRUJDd1VBQTRJQkFRQ2l3QXVMOW50NlM4SEFBbjVjV09UT2tONVJNdEpLY2hlYisyK0NPaXo0CmFXbVFqUXFqU3c4UklOUkEwRG96OEIxQ2RzRGQ1QmRLbTZCdithWEVlQ2JKMnNXTEdvQ3dYckgvSnMvbkRWdnUKaGdvVzVQck5BanhCZjlKNjRlVW9rMWVEbHR0M00xMVR1cXc3d1BpNExKWEdXRjBXRWNhQVlBTUtWWVhZTnFKaApZL0hJeGVJL0djdmVSU0tFalFPNXlFd3NYOGF2VVNHbUtDWTJJVlNUOWlXK3NPcG5pcW55VkNjU2FTU3IrVWZBCklKUVprR3Zva2lLWDBtU1kwYUJ5UDUrTnhxRm9tR1lGbThjV2VuVklrVzFIcmpheC96SC9aME1HaHdrSGFDQTEKRlRlbDM0aDRzOHE4a1BUYUVXdW9oa29WODBJWUtMU1p0aEF6elh0SnBUVzEKLS0tLS1FTkQgQ0VSVElGSUNBVEUtLS0tLQo=",
                "certname": "20accfbb-5bcd-4edc-aacf-ca14822b8b02",
                "composed": "postgres://admin:$PASSWORD@a8a713a9-e300-4016-bb25-6e091005aed8.bqfh4fpt0vhjh7rs4ot0.databases.appdomain.cloud:32143/ibmclouddb?sslmode=verify-full",
                "database": "ibmclouddb",
                "hosts": [
                  {
                    "hostname": "a8a713a9-e300-4016-bb25-6e091005aed8.bqfh4fpt0vhjh7rs4ot0.databases.appdomain.cloud",
                    "port": "32143"
                  }
                ],
                "name": "admin",
                "password": "",
                "path": "/ibmclouddb",
                "queryoptions": "?sslmode=verify-full",
                "scheme": "postgres"
              }
            ],
            "group": [
              {
                "cpu": [
                  {
                    "allocation_count": 3
                  }
                ],
                "disk": [
                  {
                    "allocation_mb": 5120
                  }
                ],
                "group_id": "member",
                "host_flavor": [],
                "members": [],
                "memory": [
                  {
                    "allocation_mb": 4096
                  }
                ]
              }
            ],
            "groups": [
              {
                "count": 2,
                "cpu": [
                  {
                    "allocation_count": 6,
                    "can_scale_down": true,
                    "is_adjustable": true,
                    "minimum_count": 6,
                    "step_size_count": 2,
                    "units": "count"
                  }
                ],
                "disk": [
                  {
                    "allocation_mb": 10240,
                    "can_scale_down": false,
                    "is_adjustable": true,
                    "minimum_mb": 10240,
                    "step_size_mb": 2048,
                    "units": "mb"
                  }
                ],
                "group_id": "member",
                "host_flavor": [],
                "memory": [
                  {
                    "allocation_mb": 8192,
                    "can_scale_down": true,
                    "cpu_enforcement_ratio_ceiling_mb": 0,
                    "cpu_enforcement_ratio_mb": 0,
                    "is_adjustable": true,
                    "minimum_mb": 2048,
                    "step_size_mb": 256,
                    "units": "mb"
                  }
                ]
              }
            ],
            "guid": "a8a713a9-e300-4016-bb25-6e091005aed8",
            "id": "crn:v1:bluemix:public:databases-for-postgresql:jp-tok:a/5e46a08ef63f4b48867c2c26c8918821:a8a713a9-e300-4016-bb25-6e091005aed8::",
            "key_protect_instance": null,
            "key_protect_key": null,
            "location": "jp-tok",
            "logical_replication_slot": [],
            "name": "db-postgresql-mac",
            "offline_restore": null,
            "plan": "standard",
            "point_in_time_recovery_deployment_id": null,
            "point_in_time_recovery_time": null,
            "remote_leader_id": null,
            "resource_controller_url": "https://cloud.ibm.com/services/crn%3Av1%3Abluemix%3Apublic%3Adatabases-for-postgresql%3Ajp-tok%3Aa%2F5e46a08ef63f4b48867c2c26c8918821%3Aa8a713a9-e300-4016-bb25-6e091005aed8%3A%3A",
            "resource_crn": "crn:v1:bluemix:public:databases-for-postgresql:jp-tok:a/5e46a08ef63f4b48867c2c26c8918821:a8a713a9-e300-4016-bb25-6e091005aed8::",
            "resource_group_id": "47c4cc4195ce4bdc976b4ee91ee2f26d",
            "resource_group_name": "crn:v1:bluemix:public:resource-controller::a/5e46a08ef63f4b48867c2c26c8918821::resource-group:47c4cc4195ce4bdc976b4ee91ee2f26d",
            "resource_name": "db-postgresql-mac",
            "resource_status": "active",
            "service": "databases-for-postgresql",
            "service_endpoints": "public-and-private",
            "status": "active",
            "tags": [],
            "timeouts": null,
            "users": [
              {
                "name": "user123",
                "password": "password12345678",
                "role": "",
                "type": "database"
              }
            ],
            "version": "16"
          },
          "sensitive_attributes": [
            [
              {
                "type": "get_attr",
                "value": "adminpassword"
              }
            ],
            [
              {
                "type": "get_attr",
                "value": "users"
              }
            ]
          ],
          "private": "eyJlMmJmYjczMC1lY2FhLTExZTYtOGY4OC0zNDM2M2JjN2M0YzAiOnsiY3JlYXRlIjozNjAwMDAwMDAwMDAwLCJkZWxldGUiOjYwMDAwMDAwMDAwMCwidXBkYXRlIjozNjAwMDAwMDAwMDAwfX0=",
          "dependencies": [
            "data.ibm_resource_group.group-mac"
          ]
        }
      ]
    },
    {
      "mode": "managed",
      "type": "ibm_is_floating_ip",
      "name": "fip-vsi-mac",
      "provider": "provider[\"registry.terraform.io/ibm-cloud/ibm\"]",
      "instances": [
        {
          "schema_version": 0,
          "attributes": {
            "access_tags": [],
            "address": "162.133.129.5",
            "crn": "crn:v1:bluemix:public:is:jp-tok-1:a/5e46a08ef63f4b48867c2c26c8918821::floating-ip:r022-4de4cc11-9ff7-4d4a-819c-9a0ce430a102",
            "id": "r022-4de4cc11-9ff7-4d4a-819c-9a0ce430a102",
            "name": "fip-vsi-mac",
            "resource_controller_url": "https://cloud.ibm.com/vpc-ext/network/floatingIPs",
            "resource_crn": "crn:v1:bluemix:public:is:jp-tok-1:a/5e46a08ef63f4b48867c2c26c8918821::floating-ip:r022-4de4cc11-9ff7-4d4a-819c-9a0ce430a102",
            "resource_group": "47c4cc4195ce4bdc976b4ee91ee2f26d",
            "resource_group_name": "group-mac",
            "resource_name": "fip-vsi-mac",
            "resource_status": "available",
            "status": "available",
            "tags": [],
            "target": "02e7-ddcd4db6-8ed3-41ee-9b79-49daea5989fa",
            "target_list": [
              {
                "crn": "",
                "deleted": [],
                "href": "https://jp-tok.iaas.cloud.ibm.com/v1/instances/02e7_2d63c497-65b2-4b26-a357-4bdc9d0be43b/network_interfaces/02e7-ddcd4db6-8ed3-41ee-9b79-49daea5989fa",
                "id": "02e7-ddcd4db6-8ed3-41ee-9b79-49daea5989fa",
                "name": "eth0",
                "primary_ip": [
                  {
                    "address": "10.244.0.4",
                    "href": "https://jp-tok.iaas.cloud.ibm.com/v1/subnets/02e7-8d38f2eb-8819-4145-9cc9-262191e652a1/reserved_ips/02e7-838dd8bf-183b-4bf1-bd67-bc95073f178a",
                    "name": "angles-skiing-crumple-babbling",
                    "reserved_ip": "02e7-838dd8bf-183b-4bf1-bd67-bc95073f178a",
                    "resource_type": "subnet_reserved_ip"
                  }
                ],
                "resource_type": "network_interface"
              }
            ],
            "timeouts": null,
            "zone": "jp-tok-1"
          },
          "sensitive_attributes": [],
          "private": "eyJlMmJmYjczMC1lY2FhLTExZTYtOGY4OC0zNDM2M2JjN2M0YzAiOnsiY3JlYXRlIjo2MDAwMDAwMDAwMDAsImRlbGV0ZSI6NjAwMDAwMDAwMDAwfX0=",
          "dependencies": [
            "data.ibm_is_image.image-ubuntu",
            "data.ibm_is_ssh_key.ssh-key-mac",
            "data.ibm_resource_group.group-mac",
            "ibm_is_instance.vsi-mac",
            "ibm_is_security_group.sg-vsi-mac",
            "ibm_is_subnet.subnet-mac-1",
            "ibm_is_vpc.vpc-mac"
          ]
        }
      ]
    },
    {
      "mode": "managed",
      "type": "ibm_is_instance",
      "name": "vsi-mac",
      "provider": "provider[\"registry.terraform.io/ibm-cloud/ibm\"]",
      "instances": [
        {
          "schema_version": 0,
          "attributes": {
            "access_tags": [],
            "action": null,
            "auto_delete_volume": null,
            "availability_policy_host_failure": "restart",
            "bandwidth": 4000,
            "boot_volume": [
              {
                "auto_delete_volume": true,
                "encryption": "",
                "iops": 3000,
                "name": "size-fossil-regalia-economist",
                "profile": "general-purpose",
                "size": 100,
                "snapshot": "",
                "snapshot_crn": "",
                "tags": [],
                "volume_id": "r022-9a702103-4854-47e7-a7bc-2aaa8ca94fdf"
              }
            ],
            "catalog_offering": [],
            "confidential_compute_mode": "disabled",
            "crn": "crn:v1:bluemix:public:is:jp-tok-1:a/5e46a08ef63f4b48867c2c26c8918821::instance:02e7_2d63c497-65b2-4b26-a357-4bdc9d0be43b",
            "dedicated_host": null,
            "dedicated_host_group": null,
            "default_trusted_profile_auto_link": null,
            "default_trusted_profile_target": null,
            "disks": [],
            "enable_secure_boot": false,
            "force_action": false,
            "force_recovery_time": null,
            "gpu": [],
            "id": "02e7_2d63c497-65b2-4b26-a357-4bdc9d0be43b",
            "image": "r022-268e52bb-8aec-40fe-b3a2-7f905d897c0b",
            "instance_template": null,
            "keys": [
              "r022-cc0498df-b44d-4b12-bee8-6b0a59439c92"
            ],
            "lifecycle_reasons": [],
            "lifecycle_state": "stable",
            "memory": 8,
            "metadata_service": [
              {
                "enabled": false,
                "protocol": "http",
                "response_hop_limit": 1
              }
            ],
            "metadata_service_enabled": false,
            "name": "vsi-mac",
            "network_attachments": [],
            "network_interfaces": [],
            "numa_count": 1,
            "placement_group": null,
            "placement_target": [],
            "primary_network_attachment": [],
            "primary_network_interface": [
              {
                "allow_ip_spoofing": false,
                "id": "02e7-ddcd4db6-8ed3-41ee-9b79-49daea5989fa",
                "name": "eth0",
                "port_speed": 3000,
                "primary_ip": [
                  {
                    "address": "10.244.0.4",
                    "auto_delete": true,
                    "href": "https://jp-tok.iaas.cloud.ibm.com/v1/subnets/02e7-8d38f2eb-8819-4145-9cc9-262191e652a1/reserved_ips/02e7-838dd8bf-183b-4bf1-bd67-bc95073f178a",
                    "name": "angles-skiing-crumple-babbling",
                    "reserved_ip": "02e7-838dd8bf-183b-4bf1-bd67-bc95073f178a",
                    "resource_type": "subnet_reserved_ip"
                  }
                ],
                "primary_ipv4_address": "10.244.0.4",
                "security_groups": [
                  "r022-c343379f-8372-4c71-ac4e-75de65193c9e"
                ],
                "subnet": "02e7-8d38f2eb-8819-4145-9cc9-262191e652a1"
              }
            ],
            "profile": "bx2-2x8",
            "reservation": [],
            "reservation_affinity": [
              {
                "policy": "disabled",
                "pool": []
              }
            ],
            "resource_controller_url": "https://cloud.ibm.com/vpc-ext/compute/vs",
            "resource_crn": "crn:v1:bluemix:public:is:jp-tok-1:a/5e46a08ef63f4b48867c2c26c8918821::instance:02e7_2d63c497-65b2-4b26-a357-4bdc9d0be43b",
            "resource_group": "47c4cc4195ce4bdc976b4ee91ee2f26d",
            "resource_group_name": "group-mac",
            "resource_name": "vsi-mac",
            "resource_status": "running",
            "status": "running",
            "status_reasons": [],
            "tags": [],
            "timeouts": null,
            "total_network_bandwidth": 3000,
            "total_volume_bandwidth": 1000,
            "user_data": null,
            "vcpu": [
              {
                "architecture": "amd64",
                "count": 2,
                "manufacturer": "intel"
              }
            ],
            "volume_attachments": [
              {
                "id": "02e7-d17cf25a-02c8-4535-b2f8-de8919e5c596",
                "name": "impearls-superglue-same-commoditize",
                "volume_crn": "crn:v1:bluemix:public:is:jp-tok-1:a/5e46a08ef63f4b48867c2c26c8918821::volume:r022-9a702103-4854-47e7-a7bc-2aaa8ca94fdf",
                "volume_id": "r022-9a702103-4854-47e7-a7bc-2aaa8ca94fdf",
                "volume_name": "size-fossil-regalia-economist"
              }
            ],
            "volumes": null,
            "vpc": "r022-8fe630ba-3bf9-4360-b64c-9196f7a2ea48",
            "wait_before_delete": true,
            "zone": "jp-tok-1"
          },
          "sensitive_attributes": [],
          "private": "eyJlMmJmYjczMC1lY2FhLTExZTYtOGY4OC0zNDM2M2JjN2M0YzAiOnsiY3JlYXRlIjoxODAwMDAwMDAwMDAwLCJkZWxldGUiOjE4MDAwMDAwMDAwMDAsInVwZGF0ZSI6MTgwMDAwMDAwMDAwMH19",
          "dependencies": [
            "data.ibm_is_image.image-ubuntu",
            "data.ibm_is_ssh_key.ssh-key-mac",
            "data.ibm_resource_group.group-mac",
            "ibm_is_security_group.sg-vsi-mac",
            "ibm_is_subnet.subnet-mac-1",
            "ibm_is_vpc.vpc-mac"
          ]
        }
      ]
    },
    {
      "mode": "managed",
      "type": "ibm_is_security_group",
      "name": "sg-vsi-mac",
      "provider": "provider[\"registry.terraform.io/ibm-cloud/ibm\"]",
      "instances": [
        {
          "schema_version": 0,
          "attributes": {
            "access_tags": [],
            "crn": "crn:v1:bluemix:public:is:jp-tok:a/5e46a08ef63f4b48867c2c26c8918821::security-group:r022-c343379f-8372-4c71-ac4e-75de65193c9e",
            "id": "r022-c343379f-8372-4c71-ac4e-75de65193c9e",
            "name": "sg-vsi-mac",
            "resource_controller_url": "https://cloud.ibm.com/vpc-ext/network/securityGroups",
            "resource_crn": "crn:v1:bluemix:public:is:jp-tok:a/5e46a08ef63f4b48867c2c26c8918821::security-group:r022-c343379f-8372-4c71-ac4e-75de65193c9e",
            "resource_group": "47c4cc4195ce4bdc976b4ee91ee2f26d",
            "resource_group_name": "group-mac",
            "resource_name": "sg-vsi-mac",
            "rules": [
              {
                "code": 0,
                "direction": "outbound",
                "ip_version": "ipv4",
                "local": "0.0.0.0/0",
                "port_max": 0,
                "port_min": 0,
                "protocol": "all",
                "remote": "0.0.0.0/0",
                "type": 0
              },
              {
                "code": 0,
                "direction": "inbound",
                "ip_version": "ipv4",
                "local": "0.0.0.0/0",
                "port_max": 0,
                "port_min": 0,
                "protocol": "all",
                "remote": "0.0.0.0/0",
                "type": 0
              }
            ],
            "tags": [],
            "timeouts": null,
            "vpc": "r022-8fe630ba-3bf9-4360-b64c-9196f7a2ea48"
          },
          "sensitive_attributes": [],
          "private": "eyJlMmJmYjczMC1lY2FhLTExZTYtOGY4OC0zNDM2M2JjN2M0YzAiOnsiY3JlYXRlIjo2MDAwMDAwMDAwMDAsImRlbGV0ZSI6NjAwMDAwMDAwMDAwfX0=",
          "dependencies": [
            "data.ibm_resource_group.group-mac",
            "ibm_is_vpc.vpc-mac"
          ]
        }
      ]
    },
    {
      "mode": "managed",
      "type": "ibm_is_security_group_rule",
      "name": "sg-rule-allow_inbound",
      "provider": "provider[\"registry.terraform.io/ibm-cloud/ibm\"]",
      "instances": [
        {
          "schema_version": 0,
          "attributes": {
            "direction": "inbound",
            "group": "r022-c343379f-8372-4c71-ac4e-75de65193c9e",
            "icmp": [],
            "id": "r022-c343379f-8372-4c71-ac4e-75de65193c9e.r022-3a3500c6-a8f7-4b77-bb20-b6a79c3285b9",
            "ip_version": "ipv4",
            "local": "0.0.0.0/0",
            "protocol": "all",
            "related_crn": "crn:v1:bluemix:public:is:jp-tok:a/5e46a08ef63f4b48867c2c26c8918821::security-group:r022-c343379f-8372-4c71-ac4e-75de65193c9e",
            "remote": "0.0.0.0/0",
            "rule_id": "r022-3a3500c6-a8f7-4b77-bb20-b6a79c3285b9",
            "tcp": [],
            "udp": []
          },
          "sensitive_attributes": [],
          "private": "bnVsbA==",
          "dependencies": [
            "data.ibm_resource_group.group-mac",
            "ibm_is_security_group.sg-vsi-mac",
            "ibm_is_vpc.vpc-mac"
          ]
        }
      ]
    },
    {
      "mode": "managed",
      "type": "ibm_is_security_group_rule",
      "name": "sg-rule-allow_outbound",
      "provider": "provider[\"registry.terraform.io/ibm-cloud/ibm\"]",
      "instances": [
        {
          "schema_version": 0,
          "attributes": {
            "direction": "outbound",
            "group": "r022-c343379f-8372-4c71-ac4e-75de65193c9e",
            "icmp": [],
            "id": "r022-c343379f-8372-4c71-ac4e-75de65193c9e.r022-0277b2e5-8a57-4b94-8776-edcab3045e85",
            "ip_version": "ipv4",
            "local": "0.0.0.0/0",
            "protocol": "all",
            "related_crn": "crn:v1:bluemix:public:is:jp-tok:a/5e46a08ef63f4b48867c2c26c8918821::security-group:r022-c343379f-8372-4c71-ac4e-75de65193c9e",
            "remote": "0.0.0.0/0",
            "rule_id": "r022-0277b2e5-8a57-4b94-8776-edcab3045e85",
            "tcp": [],
            "udp": []
          },
          "sensitive_attributes": [],
          "private": "bnVsbA==",
          "dependencies": [
            "data.ibm_resource_group.group-mac",
            "ibm_is_security_group.sg-vsi-mac",
            "ibm_is_vpc.vpc-mac"
          ]
        }
      ]
    },
    {
      "mode": "managed",
      "type": "ibm_is_subnet",
      "name": "subnet-mac-1",
      "provider": "provider[\"registry.terraform.io/ibm-cloud/ibm\"]",
      "instances": [
        {
          "schema_version": 0,
          "attributes": {
            "access_tags": [],
            "available_ipv4_address_count": 250,
            "crn": "crn:v1:bluemix:public:is:jp-tok-1:a/5e46a08ef63f4b48867c2c26c8918821::subnet:02e7-8d38f2eb-8819-4145-9cc9-262191e652a1",
            "id": "02e7-8d38f2eb-8819-4145-9cc9-262191e652a1",
            "ip_version": "ipv4",
            "ipv4_cidr_block": "10.244.0.0/24",
            "name": "subnet-mac-1",
            "network_acl": "r022-718e9a0f-3b40-4bfc-beba-488c927ad297",
            "public_gateway": "",
            "resource_controller_url": "https://cloud.ibm.com/vpc-ext/network/subnets",
            "resource_crn": "crn:v1:bluemix:public:is:jp-tok-1:a/5e46a08ef63f4b48867c2c26c8918821::subnet:02e7-8d38f2eb-8819-4145-9cc9-262191e652a1",
            "resource_group": "47c4cc4195ce4bdc976b4ee91ee2f26d",
            "resource_group_name": "group-mac",
            "resource_name": "subnet-mac-1",
            "resource_status": "available",
            "routing_table": "r022-4e68fbe0-b640-430c-b737-a9ba242e3c03",
            "status": "available",
            "tags": [],
            "timeouts": null,
            "total_ipv4_address_count": 256,
            "vpc": "r022-8fe630ba-3bf9-4360-b64c-9196f7a2ea48",
            "zone": "jp-tok-1"
          },
          "sensitive_attributes": [],
          "private": "eyJlMmJmYjczMC1lY2FhLTExZTYtOGY4OC0zNDM2M2JjN2M0YzAiOnsiY3JlYXRlIjo2MDAwMDAwMDAwMDAsImRlbGV0ZSI6NjAwMDAwMDAwMDAwLCJ1cGRhdGUiOjYwMDAwMDAwMDAwMH19",
          "dependencies": [
            "data.ibm_resource_group.group-mac",
            "ibm_is_vpc.vpc-mac"
          ]
        }
      ]
    },
    {
      "mode": "managed",
      "type": "ibm_is_subnet_reserved_ip",
      "name": "rip-subnet-mac-1",
      "provider": "provider[\"registry.terraform.io/ibm-cloud/ibm\"]",
      "instances": [
        {
          "schema_version": 0,
          "attributes": {
            "address": "10.244.0.5",
            "auto_delete": false,
            "created_at": "2024-08-03T13:40:31.000Z",
            "href": "https://jp-tok.iaas.cloud.ibm.com/v1/subnets/02e7-8d38f2eb-8819-4145-9cc9-262191e652a1/reserved_ips/02e7-a70d7bbf-795a-4273-a2c1-5b0422f75b03",
            "id": "02e7-8d38f2eb-8819-4145-9cc9-262191e652a1/02e7-a70d7bbf-795a-4273-a2c1-5b0422f75b03",
            "lifecycle_state": "stable",
            "name": "rip-subnet-mac-1",
            "owner": "user",
            "reserved_ip": "02e7-a70d7bbf-795a-4273-a2c1-5b0422f75b03",
            "resource_type": "subnet_reserved_ip",
            "subnet": "02e7-8d38f2eb-8819-4145-9cc9-262191e652a1",
            "target": null,
            "target_crn": null,
            "timeouts": null
          },
          "sensitive_attributes": [],
          "private": "eyJlMmJmYjczMC1lY2FhLTExZTYtOGY4OC0zNDM2M2JjN2M0YzAiOnsiY3JlYXRlIjo2MDAwMDAwMDAwMDAsImRlbGV0ZSI6NjAwMDAwMDAwMDAwfX0=",
          "dependencies": [
            "data.ibm_resource_group.group-mac",
            "ibm_is_subnet.subnet-mac-1",
            "ibm_is_vpc.vpc-mac"
          ]
        }
      ]
    },
    {
      "mode": "managed",
      "type": "ibm_is_virtual_endpoint_gateway",
      "name": "vpe-db-postgresql-mac",
      "provider": "provider[\"registry.terraform.io/ibm-cloud/ibm\"]",
      "instances": [
        {
          "schema_version": 0,
          "attributes": {
            "access_tags": [],
            "allow_dns_resolution_binding": true,
            "created_at": "2024-08-03T13:28:15.000Z",
            "crn": "crn:v1:bluemix:public:is:jp-tok:a/5e46a08ef63f4b48867c2c26c8918821::endpoint-gateway:r022-e46c666e-c14c-4aaa-bfeb-2a8881d1b40b",
            "health_state": "ok",
            "id": "r022-e46c666e-c14c-4aaa-bfeb-2a8881d1b40b",
            "ips": [],
            "lifecycle_state": "stable",
            "name": "vpe-db-postgresql-mac",
            "resource_group": "47c4cc4195ce4bdc976b4ee91ee2f26d",
            "resource_type": "endpoint_gateway",
            "security_groups": [
              "r022-c343379f-8372-4c71-ac4e-75de65193c9e"
            ],
            "service_endpoints": [
              "a8a713a9-e300-4016-bb25-6e091005aed8.bqfh4fpt0vhjh7rs4ot0.private.databases.appdomain.cloud"
            ],
            "tags": [],
            "target": [
              {
                "crn": "crn:v1:bluemix:public:databases-for-postgresql:jp-tok:a/5e46a08ef63f4b48867c2c26c8918821:a8a713a9-e300-4016-bb25-6e091005aed8::",
                "name": "",
                "resource_type": "provider_cloud_service"
              }
            ],
            "timeouts": null,
            "vpc": "r022-8fe630ba-3bf9-4360-b64c-9196f7a2ea48"
          },
          "sensitive_attributes": [],
          "private": "eyJlMmJmYjczMC1lY2FhLTExZTYtOGY4OC0zNDM2M2JjN2M0YzAiOnsiY3JlYXRlIjoxODAwMDAwMDAwMDAwLCJkZWxldGUiOjE4MDAwMDAwMDAwMDAsInVwZGF0ZSI6MTgwMDAwMDAwMDAwMH19",
          "dependencies": [
            "data.ibm_resource_group.group-mac",
            "ibm_database.db-postgresql-mac",
            "ibm_is_security_group.sg-vsi-mac",
            "ibm_is_vpc.vpc-mac"
          ]
        }
      ]
    },
    {
      "mode": "managed",
      "type": "ibm_is_virtual_endpoint_gateway_ip",
      "name": "rip_vpe-db-postgresql-mac",
      "provider": "provider[\"registry.terraform.io/ibm-cloud/ibm\"]",
      "instances": [
        {
          "schema_version": 0,
          "attributes": {
            "address": "10.244.0.5",
            "auto_delete": false,
            "created_at": "2024-08-03T13:40:31.000Z",
            "gateway": "r022-e46c666e-c14c-4aaa-bfeb-2a8881d1b40b",
            "id": "r022-e46c666e-c14c-4aaa-bfeb-2a8881d1b40b/02e7-a70d7bbf-795a-4273-a2c1-5b0422f75b03",
            "name": "rip-subnet-mac-1",
            "reserved_ip": "02e7-a70d7bbf-795a-4273-a2c1-5b0422f75b03",
            "resource_type": "subnet_reserved_ip",
            "target": [
              {
                "id": "r022-e46c666e-c14c-4aaa-bfeb-2a8881d1b40b",
                "name": "vpe-db-postgresql-mac",
                "resource_type": "endpoint_gateway"
              }
            ],
            "timeouts": null
          },
          "sensitive_attributes": [],
          "private": "eyJlMmJmYjczMC1lY2FhLTExZTYtOGY4OC0zNDM2M2JjN2M0YzAiOnsiY3JlYXRlIjoxODAwMDAwMDAwMDAwLCJkZWxldGUiOjE4MDAwMDAwMDAwMDAsInVwZGF0ZSI6MTgwMDAwMDAwMDAwMH19",
          "dependencies": [
            "data.ibm_resource_group.group-mac",
            "ibm_database.db-postgresql-mac",
            "ibm_is_security_group.sg-vsi-mac",
            "ibm_is_subnet.subnet-mac-1",
            "ibm_is_subnet_reserved_ip.rip-subnet-mac-1",
            "ibm_is_virtual_endpoint_gateway.vpe-db-postgresql-mac",
            "ibm_is_vpc.vpc-mac"
          ]
        }
      ]
    },
    {
      "mode": "managed",
      "type": "ibm_is_vpc",
      "name": "vpc-mac",
      "provider": "provider[\"registry.terraform.io/ibm-cloud/ibm\"]",
      "instances": [
        {
          "schema_version": 0,
          "attributes": {
            "access_tags": [],
            "address_prefix_management": "auto",
            "classic_access": false,
            "crn": "crn:v1:bluemix:public:is:jp-tok:a/5e46a08ef63f4b48867c2c26c8918821::vpc:r022-8fe630ba-3bf9-4360-b64c-9196f7a2ea48",
            "cse_source_addresses": [
              {
                "address": "10.223.197.149",
                "zone_name": "jp-tok-1"
              },
              {
                "address": "10.223.204.33",
                "zone_name": "jp-tok-2"
              },
              {
                "address": "10.223.221.11",
                "zone_name": "jp-tok-3"
              }
            ],
            "default_network_acl": "r022-718e9a0f-3b40-4bfc-beba-488c927ad297",
            "default_network_acl_crn": "crn:v1:bluemix:public:is:jp-tok:a/5e46a08ef63f4b48867c2c26c8918821::network-acl:r022-718e9a0f-3b40-4bfc-beba-488c927ad297",
            "default_network_acl_name": "nacl-mac",
            "default_routing_table": "r022-4e68fbe0-b640-430c-b737-a9ba242e3c03",
            "default_routing_table_name": "routing-table-mac",
            "default_security_group": "r022-af543616-bdd5-4c91-8458-a394af4297c7",
            "default_security_group_crn": "crn:v1:bluemix:public:is:jp-tok:a/5e46a08ef63f4b48867c2c26c8918821::security-group:r022-af543616-bdd5-4c91-8458-a394af4297c7",
            "default_security_group_name": "sg-mac",
            "dns": [
              {
                "enable_hub": false,
                "resolution_binding_count": 0,
                "resolver": [
                  {
                    "configuration": "private_resolver",
                    "dns_binding_id": "",
                    "dns_binding_name": "",
                    "manual_servers": [],
                    "servers": [
                      {
                        "address": "161.26.0.7",
                        "zone_affinity": ""
                      },
                      {
                        "address": "161.26.0.8",
                        "zone_affinity": ""
                      }
                    ],
                    "type": "system",
                    "vpc_crn": "",
                    "vpc_id": "",
                    "vpc_name": "",
                    "vpc_remote_account_id": "",
                    "vpc_remote_region": ""
                  }
                ]
              }
            ],
            "health_reasons": [],
            "health_state": "ok",
            "id": "r022-8fe630ba-3bf9-4360-b64c-9196f7a2ea48",
            "name": "vpc-mac",
            "no_sg_acl_rules": false,
            "resource_controller_url": "https://cloud.ibm.com/vpc-ext/network/vpcs",
            "resource_crn": "crn:v1:bluemix:public:is:jp-tok:a/5e46a08ef63f4b48867c2c26c8918821::vpc:r022-8fe630ba-3bf9-4360-b64c-9196f7a2ea48",
            "resource_group": "47c4cc4195ce4bdc976b4ee91ee2f26d",
            "resource_group_name": "group-mac",
            "resource_name": "vpc-mac",
            "resource_status": "available",
            "security_group": [
              {
                "group_id": "r022-c343379f-8372-4c71-ac4e-75de65193c9e",
                "group_name": "sg-vsi-mac",
                "rules": [
                  {
                    "code": 0,
                    "direction": "outbound",
                    "ip_version": "ipv4",
                    "port_max": 0,
                    "port_min": 0,
                    "protocol": "all",
                    "remote": "0.0.0.0/0",
                    "rule_id": "r022-0277b2e5-8a57-4b94-8776-edcab3045e85",
                    "type": 0
                  },
                  {
                    "code": 0,
                    "direction": "inbound",
                    "ip_version": "ipv4",
                    "port_max": 0,
                    "port_min": 0,
                    "protocol": "all",
                    "remote": "0.0.0.0/0",
                    "rule_id": "r022-3a3500c6-a8f7-4b77-bb20-b6a79c3285b9",
                    "type": 0
                  }
                ]
              },
              {
                "group_id": "r022-af543616-bdd5-4c91-8458-a394af4297c7",
                "group_name": "sg-mac",
                "rules": [
                  {
                    "code": 0,
                    "direction": "outbound",
                    "ip_version": "ipv4",
                    "port_max": 0,
                    "port_min": 0,
                    "protocol": "all",
                    "remote": "0.0.0.0/0",
                    "rule_id": "r022-2ad69782-9e59-4430-8e19-dcf10d09c9cb",
                    "type": 0
                  },
                  {
                    "code": 0,
                    "direction": "inbound",
                    "ip_version": "ipv4",
                    "port_max": 0,
                    "port_min": 0,
                    "protocol": "all",
                    "remote": "r022-af543616-bdd5-4c91-8458-a394af4297c7",
                    "rule_id": "r022-65ee55fd-5c4f-416a-b825-bde586e6ad98",
                    "type": 0
                  }
                ]
              }
            ],
            "status": "available",
            "subnets": [
              {
                "available_ipv4_address_count": 250,
                "id": "02e7-8d38f2eb-8819-4145-9cc9-262191e652a1",
                "name": "subnet-mac-1",
                "status": "available",
                "total_ipv4_address_count": 256,
                "zone": "jp-tok-1"
              }
            ],
            "tags": [],
            "timeouts": null
          },
          "sensitive_attributes": [],
          "private": "eyJlMmJmYjczMC1lY2FhLTExZTYtOGY4OC0zNDM2M2JjN2M0YzAiOnsiY3JlYXRlIjo2MDAwMDAwMDAwMDAsImRlbGV0ZSI6NjAwMDAwMDAwMDAwfX0=",
          "dependencies": [
            "data.ibm_resource_group.group-mac"
          ]
        }
      ]
    }
  ],
  "check_results": null
}
